// !$*UTF8*$!
{
	archiveVersion = 1;
	classes = {
	};
	objectVersion = 77;
	objects = {

/* Begin PBXContainerItemProxy section */
		471B144E2F347F8A00A15F40 /* PBXContainerItemProxy */ = {
			isa = PBXContainerItemProxy;
			containerPortal = 8C528C0E2F333EE700F9D2EA /* Project object */;
			proxyType = 1;
			remoteGlobalIDString = 471B143E2F347F8900A15F40;
			remoteInfo = Hawlikios;
		};
		471B14582F347F8A00A15F40 /* PBXContainerItemProxy */ = {
			isa = PBXContainerItemProxy;
			containerPortal = 8C528C0E2F333EE700F9D2EA /* Project object */;
			proxyType = 1;
			remoteGlobalIDString = 471B143E2F347F8900A15F40;
			remoteInfo = Hawlikios;
		};
		8C528C242F333EE900F9D2EA /* PBXContainerItemProxy */ = {
			isa = PBXContainerItemProxy;
			containerPortal = 8C528C0E2F333EE700F9D2EA /* Project object */;
			proxyType = 1;
			remoteGlobalIDString = 8C528C152F333EE700F9D2EA;
			remoteInfo = Hawlik;
		};
		8C528C2E2F333EE900F9D2EA /* PBXContainerItemProxy */ = {
			isa = PBXContainerItemProxy;
			containerPortal = 8C528C0E2F333EE700F9D2EA /* Project object */;
			proxyType = 1;
			remoteGlobalIDString = 8C528C152F333EE700F9D2EA;
			remoteInfo = Hawlik;
		};
/* End PBXContainerItemProxy section */

/* Begin PBXFileReference section */
		471B143F2F347F8900A15F40 /* Hawlikios.app */ = {isa = PBXFileReference; explicitFileType = wrapper.application; includeInIndex = 0; path = Hawlikios.app; sourceTree = BUILT_PRODUCTS_DIR; };
		471B144D2F347F8A00A15F40 /* HawlikiosTests.xctest */ = {isa = PBXFileReference; explicitFileType = wrapper.cfbundle; includeInIndex = 0; path = HawlikiosTests.xctest; sourceTree = BUILT_PRODUCTS_DIR; };
		471B14572F347F8A00A15F40 /* HawlikiosUITests.xctest */ = {isa = PBXFileReference; explicitFileType = wrapper.cfbundle; includeInIndex = 0; path = HawlikiosUITests.xctest; sourceTree = BUILT_PRODUCTS_DIR; };
		8C528C162F333EE700F9D2EA /* Hawlik.app */ = {isa = PBXFileReference; explicitFileType = wrapper.application; includeInIndex = 0; path = Hawlik.app; sourceTree = BUILT_PRODUCTS_DIR; };
		8C528C232F333EE900F9D2EA /* HawlikTests.xctest */ = {isa = PBXFileReference; explicitFileType = wrapper.cfbundle; includeInIndex = 0; path = HawlikTests.xctest; sourceTree = BUILT_PRODUCTS_DIR; };
		8C528C2D2F333EE900F9D2EA /* HawlikUITests.xctest */ = {isa = PBXFileReference; explicitFileType = wrapper.cfbundle; includeInIndex = 0; path = HawlikUITests.xctest; sourceTree = BUILT_PRODUCTS_DIR; };
/* End PBXFileReference section */

/* Begin PBXFileSystemSynchronizedBuildFileExceptionSet section */
		4738FC422F39C01700B62984 /* Exceptions for "Hawlik" folder in "Hawlik" target */ = {
			isa = PBXFileSystemSynchronizedBuildFileExceptionSet;
			membershipExceptions = (
				.swift,
			);
			target = 8C528C152F333EE700F9D2EA /* Hawlik */;
		};
/* End PBXFileSystemSynchronizedBuildFileExceptionSet section */

/* Begin PBXFileSystemSynchronizedGroupBuildPhaseMembershipExceptionSet section */
		4738FC462F39C2FA00B62984 /* Exceptions for "Hawlik" folder in "Compile Sources" phase from "Hawlik" target */ = {
			isa = PBXFileSystemSynchronizedGroupBuildPhaseMembershipExceptionSet;
			buildPhase = 8C528C122F333EE700F9D2EA /* Sources */;
			membershipExceptions = (
				.swift,
			);
		};
/* End PBXFileSystemSynchronizedGroupBuildPhaseMembershipExceptionSet section */

/* Begin PBXFileSystemSynchronizedRootGroup section */
		471B14402F347F8900A15F40 /* Hawlikios */ = {
			isa = PBXFileSystemSynchronizedRootGroup;
			path = Hawlikios;
			sourceTree = "<group>";
		};
		471B14502F347F8A00A15F40 /* HawlikiosTests */ = {
			isa = PBXFileSystemSynchronizedRootGroup;
			path = HawlikiosTests;
			sourceTree = "<group>";
		};
		471B145A2F347F8A00A15F40 /* HawlikiosUITests */ = {
			isa = PBXFileSystemSynchronizedRootGroup;
			path = HawlikiosUITests;
			sourceTree = "<group>";
		};
		8C528C182F333EE700F9D2EA /* Hawlik */ = {
			isa = PBXFileSystemSynchronizedRootGroup;
			exceptions = (
				4738FC422F39C01700B62984 /* Exceptions for "Hawlik" folder in "Hawlik" target */,
				4738FC462F39C2FA00B62984 /* Exceptions for "Hawlik" folder in "Compile Sources" phase from "Hawlik" target */,
			);
			path = Hawlik;
			sourceTree = "<group>";
		};
		8C528C262F333EE900F9D2EA /* test */ = {
			isa = PBXFileSystemSynchronizedRootGroup;
			path = test;
			sourceTree = "<group>";
		};
		8C528C302F333EE900F9D2EA /* HawlikUITests */ = {
			isa = PBXFileSystemSynchronizedRootGroup;
			path = HawlikUITests;
			sourceTree = "<group>";
		};
/* End PBXFileSystemSynchronizedRootGroup section */

/* Begin PBXFrameworksBuildPhase section */
		471B143C2F347F8900A15F40 /* Frameworks */ = {
			isa = PBXFrameworksBuildPhase;
			buildActionMask = 2147483647;
			files = (
			);
			runOnlyForDeploymentPostprocessing = 0;
		};
		471B144A2F347F8A00A15F40 /* Frameworks */ = {
			isa = PBXFrameworksBuildPhase;
			buildActionMask = 2147483647;
			files = (
			);
			runOnlyForDeploymentPostprocessing = 0;
		};
		471B14542F347F8A00A15F40 /* Frameworks */ = {
			isa = PBXFrameworksBuildPhase;
			buildActionMask = 2147483647;
			files = (
			);
			runOnlyForDeploymentPostprocessing = 0;
		};
		8C528C132F333EE700F9D2EA /* Frameworks */ = {
			isa = PBXFrameworksBuildPhase;
			buildActionMask = 2147483647;
			files = (
			);
			runOnlyForDeploymentPostprocessing = 0;
		};
		8C528C202F333EE900F9D2EA /* Frameworks */ = {
			isa = PBXFrameworksBuildPhase;
			buildActionMask = 2147483647;
			files = (
			);
			runOnlyForDeploymentPostprocessing = 0;
		};
		8C528C2A2F333EE900F9D2EA /* Frameworks */ = {
			isa = PBXFrameworksBuildPhase;
			buildActionMask = 2147483647;
			files = (
			);
			runOnlyForDeploymentPostprocessing = 0;
		};
/* End PBXFrameworksBuildPhase section */

/* Begin PBXGroup section */
		8C528C0D2F333EE700F9D2EA = {
			isa = PBXGroup;
			children = (
				8C528C182F333EE700F9D2EA /* Hawlik */,
				8C528C262F333EE900F9D2EA /* test */,
				8C528C302F333EE900F9D2EA /* HawlikUITests */,
				471B14402F347F8900A15F40 /* Hawlikios */,
				471B14502F347F8A00A15F40 /* HawlikiosTests */,
				471B145A2F347F8A00A15F40 /* HawlikiosUITests */,
				8C528C172F333EE700F9D2EA /* Products */,
			);
			sourceTree = "<group>";
		};
		8C528C172F333EE700F9D2EA /* Products */ = {
			isa = PBXGroup;
			children = (
				8C528C162F333EE700F9D2EA /* Hawlik.app */,
				8C528C232F333EE900F9D2EA /* HawlikTests.xctest */,
				8C528C2D2F333EE900F9D2EA /* HawlikUITests.xctest */,
				471B143F2F347F8900A15F40 /* Hawlikios.app */,
				471B144D2F347F8A00A15F40 /* HawlikiosTests.xctest */,
				471B14572F347F8A00A15F40 /* HawlikiosUITests.xctest */,
			);
			name = Products;
			sourceTree = "<group>";
		};
/* End PBXGroup section */

/* Begin PBXNativeTarget section */
		471B143E2F347F8900A15F40 /* Hawlikios */ = {
			isa = PBXNativeTarget;
			buildConfigurationList = 471B14652F347F8A00A15F40 /* Build configuration list for PBXNativeTarget "Hawlikios" */;
			buildPhases = (
				471B143B2F347F8900A15F40 /* Sources */,
				471B143C2F347F8900A15F40 /* Frameworks */,
				471B143D2F347F8900A15F40 /* Resources */,
			);
			buildRules = (
			);
			dependencies = (
			);
			fileSystemSynchronizedGroups = (
				471B14402F347F8900A15F40 /* Hawlikios */,
			);
			name = Hawlikios;
			packageProductDependencies = (
			);
			productName = Hawlikios;
			productReference = 471B143F2F347F8900A15F40 /* Hawlikios.app */;
			productType = "com.apple.product-type.application";
		};
		471B144C2F347F8A00A15F40 /* HawlikiosTests */ = {
			isa = PBXNativeTarget;
			buildConfigurationList = 471B14662F347F8A00A15F40 /* Build configuration list for PBXNativeTarget "HawlikiosTests" */;
			buildPhases = (
				471B14492F347F8A00A15F40 /* Sources */,
				471B144A2F347F8A00A15F40 /* Frameworks */,
				471B144B2F347F8A00A15F40 /* Resources */,
			);
			buildRules = (
			);
			dependencies = (
				471B144F2F347F8A00A15F40 /* PBXTargetDependency */,
			);
			fileSystemSynchronizedGroups = (
				471B14502F347F8A00A15F40 /* HawlikiosTests */,
			);
			name = HawlikiosTests;
			packageProductDependencies = (
			);
			productName = HawlikiosTests;
			productReference = 471B144D2F347F8A00A15F40 /* HawlikiosTests.xctest */;
			productType = "com.apple.product-type.bundle.unit-test";
		};
		471B14562F347F8A00A15F40 /* HawlikiosUITests */ = {
			isa = PBXNativeTarget;
			buildConfigurationList = 471B14672F347F8A00A15F40 /* Build configuration list for PBXNativeTarget "HawlikiosUITests" */;
			buildPhases = (
				471B14532F347F8A00A15F40 /* Sources */,
				471B14542F347F8A00A15F40 /* Frameworks */,
				471B14552F347F8A00A15F40 /* Resources */,
			);
			buildRules = (
			);
			dependencies = (
				471B14592F347F8A00A15F40 /* PBXTargetDependency */,
			);
			fileSystemSynchronizedGroups = (
				471B145A2F347F8A00A15F40 /* HawlikiosUITests */,
			);
			name = HawlikiosUITests;
			packageProductDependencies = (
			);
			productName = HawlikiosUITests;
			productReference = 471B14572F347F8A00A15F40 /* HawlikiosUITests.xctest */;
			productType = "com.apple.product-type.bundle.ui-testing";
		};
		8C528C152F333EE700F9D2EA /* Hawlik */ = {
			isa = PBXNativeTarget;
			buildConfigurationList = 8C528C372F333EE900F9D2EA /* Build configuration list for PBXNativeTarget "Hawlik" */;
			buildPhases = (
				8C528C122F333EE700F9D2EA /* Sources */,
				8C528C132F333EE700F9D2EA /* Frameworks */,
				8C528C142F333EE700F9D2EA /* Resources */,
			);
			buildRules = (
			);
			dependencies = (
			);
			fileSystemSynchronizedGroups = (
				8C528C182F333EE700F9D2EA /* Hawlik */,
			);
			name = Hawlik;
			packageProductDependencies = (
			);
			productName = Hawlik;
			productReference = 8C528C162F333EE700F9D2EA /* Hawlik.app */;
			productType = "com.apple.product-type.application";
		};
		8C528C222F333EE900F9D2EA /* HawlikTests */ = {
			isa = PBXNativeTarget;
			buildConfigurationList = 8C528C3A2F333EE900F9D2EA /* Build configuration list for PBXNativeTarget "HawlikTests" */;
			buildPhases = (
				8C528C1F2F333EE900F9D2EA /* Sources */,
				8C528C202F333EE900F9D2EA /* Frameworks */,
				8C528C212F333EE900F9D2EA /* Resources */,
			);
			buildRules = (
			);
			dependencies = (
				8C528C252F333EE900F9D2EA /* PBXTargetDependency */,
			);
			fileSystemSynchronizedGroups = (
				8C528C262F333EE900F9D2EA /* test */,
			);
			name = HawlikTests;
			packageProductDependencies = (
			);
			productName = HawlikTests;
			productReference = 8C528C232F333EE900F9D2EA /* HawlikTests.xctest */;
			productType = "com.apple.product-type.bundle.unit-test";
		};
		8C528C2C2F333EE900F9D2EA /* HawlikUITests */ = {
			isa = PBXNativeTarget;
			buildConfigurationList = 8C528C3D2F333EE900F9D2EA /* Build configuration list for PBXNativeTarget "HawlikUITests" */;
			buildPhases = (
				8C528C292F333EE900F9D2EA /* Sources */,
				8C528C2A2F333EE900F9D2EA /* Frameworks */,
				8C528C2B2F333EE900F9D2EA /* Resources */,
			);
			buildRules = (
			);
			dependencies = (
				8C528C2F2F333EE900F9D2EA /* PBXTargetDependency */,
			);
			fileSystemSynchronizedGroups = (
				8C528C302F333EE900F9D2EA /* HawlikUITests */,
			);
			name = HawlikUITests;
			packageProductDependencies = (
			);
			productName = HawlikUITests;
			productReference = 8C528C2D2F333EE900F9D2EA /* HawlikUITests.xctest */;
			productType = "com.apple.product-type.bundle.ui-testing";
		};
/* End PBXNativeTarget section */

/* Begin PBXProject section */
		8C528C0E2F333EE700F9D2EA /* Project object */ = {
			isa = PBXProject;
			attributes = {
				BuildIndependentTargetsInParallel = 1;
				LastSwiftUpdateCheck = 2620;
				LastUpgradeCheck = 2620;
				TargetAttributes = {
					471B143E2F347F8900A15F40 = {
						CreatedOnToolsVersion = 26.2;
					};
					471B144C2F347F8A00A15F40 = {
						CreatedOnToolsVersion = 26.2;
						TestTargetID = 471B143E2F347F8900A15F40;
					};
					471B14562F347F8A00A15F40 = {
						CreatedOnToolsVersion = 26.2;
						TestTargetID = 471B143E2F347F8900A15F40;
					};
					8C528C152F333EE700F9D2EA = {
						CreatedOnToolsVersion = 26.0.1;
					};
					8C528C222F333EE900F9D2EA = {
						CreatedOnToolsVersion = 26.0.1;
						TestTargetID = 8C528C152F333EE700F9D2EA;
					};
					8C528C2C2F333EE900F9D2EA = {
						CreatedOnToolsVersion = 26.0.1;
						TestTargetID = 8C528C152F333EE700F9D2EA;
					};
				};
			};
			buildConfigurationList = 8C528C112F333EE700F9D2EA /* Build configuration list for PBXProject "Hawlik" */;
			developmentRegion = en;
			hasScannedForEncodings = 0;
			knownRegions = (
				en,
				Base,
			);
			mainGroup = 8C528C0D2F333EE700F9D2EA;
			minimizedProjectReferenceProxies = 1;
			preferredProjectObjectVersion = 77;
			productRefGroup = 8C528C172F333EE700F9D2EA /* Products */;
			projectDirPath = "";
			projectRoot = "";
			targets = (
				8C528C152F333EE700F9D2EA /* Hawlik */,
				8C528C222F333EE900F9D2EA /* HawlikTests */,
				8C528C2C2F333EE900F9D2EA /* HawlikUITests */,
				471B143E2F347F8900A15F40 /* Hawlikios */,
				471B144C2F347F8A00A15F40 /* HawlikiosTests */,
				471B14562F347F8A00A15F40 /* HawlikiosUITests */,
			);
		};
/* End PBXProject section */

/* Begin PBXResourcesBuildPhase section */
		471B143D2F347F8900A15F40 /* Resources */ = {
			isa = PBXResourcesBuildPhase;
			buildActionMask = 2147483647;
			files = (
			);
			runOnlyForDeploymentPostprocessing = 0;
		};
		471B144B2F347F8A00A15F40 /* Resources */ = {
			isa = PBXResourcesBuildPhase;
			buildActionMask = 2147483647;
			files = (
			);
			runOnlyForDeploymentPostprocessing = 0;
		};
		471B14552F347F8A00A15F40 /* Resources */ = {
			isa = PBXResourcesBuildPhase;
			buildActionMask = 2147483647;
			files = (
			);
			runOnlyForDeploymentPostprocessing = 0;
		};
		8C528C142F333EE700F9D2EA /* Resources */ = {
			isa = PBXResourcesBuildPhase;
			buildActionMask = 2147483647;
			files = (
			);
			runOnlyForDeploymentPostprocessing = 0;
		};
		8C528C212F333EE900F9D2EA /* Resources */ = {
			isa = PBXResourcesBuildPhase;
			buildActionMask = 2147483647;
			files = (
			);
			runOnlyForDeploymentPostprocessing = 0;
		};
		8C528C2B2F333EE900F9D2EA /* Resources */ = {
			isa = PBXResourcesBuildPhase;
			buildActionMask = 2147483647;
			files = (
			);
			runOnlyForDeploymentPostprocessing = 0;
		};
/* End PBXResourcesBuildPhase section */

/* Begin PBXSourcesBuildPhase section */
		471B143B2F347F8900A15F40 /* Sources */ = {
			isa = PBXSourcesBuildPhase;
			buildActionMask = 2147483647;
			files = (
			);
			runOnlyForDeploymentPostprocessing = 0;
		};
		471B14492F347F8A00A15F40 /* Sources */ = {
			isa = PBXSourcesBuildPhase;
			buildActionMask = 2147483647;
			files = (
			);
			runOnlyForDeploymentPostprocessing = 0;
		};
		471B14532F347F8A00A15F40 /* Sources */ = {
			isa = PBXSourcesBuildPhase;
			buildActionMask = 2147483647;
			files = (
			);
			runOnlyForDeploymentPostprocessing = 0;
		};
		8C528C122F333EE700F9D2EA /* Sources */ = {
			isa = PBXSourcesBuildPhase;
			buildActionMask = 2147483647;
			files = (
			);
			runOnlyForDeploymentPostprocessing = 0;
		};
		8C528C1F2F333EE900F9D2EA /* Sources */ = {
			isa = PBXSourcesBuildPhase;
			buildActionMask = 2147483647;
			files = (
			);
			runOnlyForDeploymentPostprocessing = 0;
		};
		8C528C292F333EE900F9D2EA /* Sources */ = {
			isa = PBXSourcesBuildPhase;
			buildActionMask = 2147483647;
			files = (
			);
			runOnlyForDeploymentPostprocessing = 0;
		};
/* End PBXSourcesBuildPhase section */

/* Begin PBXTargetDependency section */
		471B144F2F347F8A00A15F40 /* PBXTargetDependency */ = {
			isa = PBXTargetDependency;
			target = 471B143E2F347F8900A15F40 /* Hawlikios */;
			targetProxy = 471B144E2F347F8A00A15F40 /* PBXContainerItemProxy */;
		};
		471B14592F347F8A00A15F40 /* PBXTargetDependency */ = {
			isa = PBXTargetDependency;
			target = 471B143E2F347F8900A15F40 /* Hawlikios */;
			targetProxy = 471B14582F347F8A00A15F40 /* PBXContainerItemProxy */;
		};
		8C528C252F333EE900F9D2EA /* PBXTargetDependency */ = {
			isa = PBXTargetDependency;
			target = 8C528C152F333EE700F9D2EA /* Hawlik */;
			targetProxy = 8C528C242F333EE900F9D2EA /* PBXContainerItemProxy */;
		};
		8C528C2F2F333EE900F9D2EA /* PBXTargetDependency */ = {
			isa = PBXTargetDependency;
			target = 8C528C152F333EE700F9D2EA /* Hawlik */;
			targetProxy = 8C528C2E2F333EE900F9D2EA /* PBXContainerItemProxy */;
		};
/* End PBXTargetDependency section */

/* Begin XCBuildConfiguration section */
		471B145F2F347F8A00A15F40 /* Debug */ = {
			isa = XCBuildConfiguration;
			buildSettings = {
				ASSETCATALOG_COMPILER_APPICON_NAME = AppIcon;
				ASSETCATALOG_COMPILER_GLOBAL_ACCENT_COLOR_NAME = AccentColor;
				CODE_SIGN_STYLE = Automatic;
				CURRENT_PROJECT_VERSION = 1;
				ENABLE_PREVIEWS = YES;
				GENERATE_INFOPLIST_FILE = YES;
				INFOPLIST_KEY_UIApplicationSceneManifest_Generation = YES;
				INFOPLIST_KEY_UIApplicationSupportsIndirectInputEvents = YES;
				INFOPLIST_KEY_UILaunchScreen_Generation = YES;
				INFOPLIST_KEY_UISupportedInterfaceOrientations_iPad = "UIInterfaceOrientationPortrait UIInterfaceOrientationPortraitUpsideDown UIInterfaceOrientationLandscapeLeft UIInterfaceOrientationLandscapeRight";
				INFOPLIST_KEY_UISupportedInterfaceOrientations_iPhone = "UIInterfaceOrientationPortrait UIInterfaceOrientationLandscapeLeft UIInterfaceOrientationLandscapeRight";
				IPHONEOS_DEPLOYMENT_TARGET = 26.2;
				LD_RUNPATH_SEARCH_PATHS = (
					"$(inherited)",
					"@executable_path/Frameworks",
				);
				MARKETING_VERSION = 1.0;
				PRODUCT_BUNDLE_IDENTIFIER = com.danah.Hawlikios;
				PRODUCT_NAME = "$(TARGET_NAME)";
				SDKROOT = iphoneos;
				STRING_CATALOG_GENERATE_SYMBOLS = YES;
				SWIFT_APPROACHABLE_CONCURRENCY = YES;
				SWIFT_DEFAULT_ACTOR_ISOLATION = MainActor;
				SWIFT_EMIT_LOC_STRINGS = YES;
				SWIFT_UPCOMING_FEATURE_MEMBER_IMPORT_VISIBILITY = YES;
				SWIFT_VERSION = 5.0;
				TARGETED_DEVICE_FAMILY = "1,2";
			};
			name = Debug;
		};
		471B14602F347F8A00A15F40 /* Release */ = {
			isa = XCBuildConfiguration;
			buildSettings = {
				ASSETCATALOG_COMPILER_APPICON_NAME = AppIcon;
				ASSETCATALOG_COMPILER_GLOBAL_ACCENT_COLOR_NAME = AccentColor;
				CODE_SIGN_STYLE = Automatic;
				CURRENT_PROJECT_VERSION = 1;
				ENABLE_PREVIEWS = YES;
				GENERATE_INFOPLIST_FILE = YES;
				INFOPLIST_KEY_UIApplicationSceneManifest_Generation = YES;
				INFOPLIST_KEY_UIApplicationSupportsIndirectInputEvents = YES;
				INFOPLIST_KEY_UILaunchScreen_Generation = YES;
				INFOPLIST_KEY_UISupportedInterfaceOrientations_iPad = "UIInterfaceOrientationPortrait UIInterfaceOrientationPortraitUpsideDown UIInterfaceOrientationLandscapeLeft UIInterfaceOrientationLandscapeRight";
				INFOPLIST_KEY_UISupportedInterfaceOrientations_iPhone = "UIInterfaceOrientationPortrait UIInterfaceOrientationLandscapeLeft UIInterfaceOrientationLandscapeRight";
				IPHONEOS_DEPLOYMENT_TARGET = 26.2;
				LD_RUNPATH_SEARCH_PATHS = (
					"$(inherited)",
					"@executable_path/Frameworks",
				);
				MARKETING_VERSION = 1.0;
				PRODUCT_BUNDLE_IDENTIFIER = com.danah.Hawlikios;
				PRODUCT_NAME = "$(TARGET_NAME)";
				SDKROOT = iphoneos;
				STRING_CATALOG_GENERATE_SYMBOLS = YES;
				SWIFT_APPROACHABLE_CONCURRENCY = YES;
				SWIFT_DEFAULT_ACTOR_ISOLATION = MainActor;
				SWIFT_EMIT_LOC_STRINGS = YES;
				SWIFT_UPCOMING_FEATURE_MEMBER_IMPORT_VISIBILITY = YES;
				SWIFT_VERSION = 5.0;
				TARGETED_DEVICE_FAMILY = "1,2";
				VALIDATE_PRODUCT = YES;
			};
			name = Release;
		};
		471B14612F347F8A00A15F40 /* Debug */ = {
			isa = XCBuildConfiguration;
			buildSettings = {
				BUNDLE_LOADER = "$(TEST_HOST)";
				CODE_SIGN_STYLE = Automatic;
				CURRENT_PROJECT_VERSION = 1;
				GENERATE_INFOPLIST_FILE = YES;
				IPHONEOS_DEPLOYMENT_TARGET = 26.2;
				MARKETING_VERSION = 1.0;
				PRODUCT_BUNDLE_IDENTIFIER = com.danah.HawlikiosTests;
				PRODUCT_NAME = "$(TARGET_NAME)";
				SDKROOT = iphoneos;
				STRING_CATALOG_GENERATE_SYMBOLS = NO;
				SWIFT_APPROACHABLE_CONCURRENCY = YES;
				SWIFT_EMIT_LOC_STRINGS = NO;
				SWIFT_UPCOMING_FEATURE_MEMBER_IMPORT_VISIBILITY = YES;
				SWIFT_VERSION = 5.0;
				TARGETED_DEVICE_FAMILY = "1,2";
				TEST_HOST = "$(BUILT_PRODUCTS_DIR)/Hawlikios.app/$(BUNDLE_EXECUTABLE_FOLDER_PATH)/Hawlikios";
			};
			name = Debug;
		};
		471B14622F347F8A00A15F40 /* Release */ = {
			isa = XCBuildConfiguration;
			buildSettings = {
				BUNDLE_LOADER = "$(TEST_HOST)";
				CODE_SIGN_STYLE = Automatic;
				CURRENT_PROJECT_VERSION = 1;
				GENERATE_INFOPLIST_FILE = YES;
				IPHONEOS_DEPLOYMENT_TARGET = 26.2;
				MARKETING_VERSION = 1.0;
				PRODUCT_BUNDLE_IDENTIFIER = com.danah.HawlikiosTests;
				PRODUCT_NAME = "$(TARGET_NAME)";
				SDKROOT = iphoneos;
				STRING_CATALOG_GENERATE_SYMBOLS = NO;
				SWIFT_APPROACHABLE_CONCURRENCY = YES;
				SWIFT_EMIT_LOC_STRINGS = NO;
				SWIFT_UPCOMING_FEATURE_MEMBER_IMPORT_VISIBILITY = YES;
				SWIFT_VERSION = 5.0;
				TARGETED_DEVICE_FAMILY = "1,2";
				TEST_HOST = "$(BUILT_PRODUCTS_DIR)/Hawlikios.app/$(BUNDLE_EXECUTABLE_FOLDER_PATH)/Hawlikios";
				VALIDATE_PRODUCT = YES;
			};
			name = Release;
		};
		471B14632F347F8A00A15F40 /* Debug */ = {
			isa = XCBuildConfiguration;
			buildSettings = {
				CODE_SIGN_STYLE = Automatic;
				CURRENT_PROJECT_VERSION = 1;
				GENERATE_INFOPLIST_FILE = YES;
				IPHONEOS_DEPLOYMENT_TARGET = 26.2;
				MARKETING_VERSION = 1.0;
				PRODUCT_BUNDLE_IDENTIFIER = com.danah.HawlikiosUITests;
				PRODUCT_NAME = "$(TARGET_NAME)";
				SDKROOT = iphoneos;
				STRING_CATALOG_GENERATE_SYMBOLS = NO;
				SWIFT_APPROACHABLE_CONCURRENCY = YES;
				SWIFT_EMIT_LOC_STRINGS = NO;
				SWIFT_UPCOMING_FEATURE_MEMBER_IMPORT_VISIBILITY = YES;
				SWIFT_VERSION = 5.0;
				TARGETED_DEVICE_FAMILY = "1,2";
				TEST_TARGET_NAME = Hawlikios;
			};
			name = Debug;
		};
		471B14642F347F8A00A15F40 /* Release */ = {
			isa = XCBuildConfiguration;
			buildSettings = {
				CODE_SIGN_STYLE = Automatic;
				CURRENT_PROJECT_VERSION = 1;
				GENERATE_INFOPLIST_FILE = YES;
				IPHONEOS_DEPLOYMENT_TARGET = 26.2;
				MARKETING_VERSION = 1.0;
				PRODUCT_BUNDLE_IDENTIFIER = com.danah.HawlikiosUITests;
				PRODUCT_NAME = "$(TARGET_NAME)";
				SDKROOT = iphoneos;
				STRING_CATALOG_GENERATE_SYMBOLS = NO;
				SWIFT_APPROACHABLE_CONCURRENCY = YES;
				SWIFT_EMIT_LOC_STRINGS = NO;
				SWIFT_UPCOMING_FEATURE_MEMBER_IMPORT_VISIBILITY = YES;
				SWIFT_VERSION = 5.0;
				TARGETED_DEVICE_FAMILY = "1,2";
				TEST_TARGET_NAME = Hawlikios;
				VALIDATE_PRODUCT = YES;
			};
			name = Release;
		};
		8C528C352F333EE900F9D2EA /* Debug */ = {
			isa = XCBuildConfiguration;
			buildSettings = {
				ALWAYS_SEARCH_USER_PATHS = NO;
				ASSETCATALOG_COMPILER_GENERATE_SWIFT_ASSET_SYMBOL_EXTENSIONS = YES;
				CLANG_ANALYZER_NONNULL = YES;
				CLANG_ANALYZER_NUMBER_OBJECT_CONVERSION = YES_AGGRESSIVE;
				CLANG_CXX_LANGUAGE_STANDARD = "gnu++20";
				CLANG_ENABLE_MODULES = YES;
				CLANG_ENABLE_OBJC_ARC = YES;
				CLANG_ENABLE_OBJC_WEAK = YES;
				CLANG_WARN_BLOCK_CAPTURE_AUTORELEASING = YES;
				CLANG_WARN_BOOL_CONVERSION = YES;
				CLANG_WARN_COMMA = YES;
				CLANG_WARN_CONSTANT_CONVERSION = YES;
				CLANG_WARN_DEPRECATED_OBJC_IMPLEMENTATIONS = YES;
				CLANG_WARN_DIRECT_OBJC_ISA_USAGE = YES_ERROR;
				CLANG_WARN_DOCUMENTATION_COMMENTS = YES;
				CLANG_WARN_EMPTY_BODY = YES;
				CLANG_WARN_ENUM_CONVERSION = YES;
				CLANG_WARN_INFINITE_RECURSION = YES;
				CLANG_WARN_INT_CONVERSION = YES;
				CLANG_WARN_NON_LITERAL_NULL_CONVERSION = YES;
				CLANG_WARN_OBJC_IMPLICIT_RETAIN_SELF = YES;
				CLANG_WARN_OBJC_LITERAL_CONVERSION = YES;
				CLANG_WARN_OBJC_ROOT_CLASS = YES_ERROR;
				CLANG_WARN_QUOTED_INCLUDE_IN_FRAMEWORK_HEADER = YES;
				CLANG_WARN_RANGE_LOOP_ANALYSIS = YES;
				CLANG_WARN_STRICT_PROTOTYPES = YES;
				CLANG_WARN_SUSPICIOUS_MOVE = YES;
				CLANG_WARN_UNGUARDED_AVAILABILITY = YES_AGGRESSIVE;
				CLANG_WARN_UNREACHABLE_CODE = YES;
				CLANG_WARN__DUPLICATE_METHOD_MATCH = YES;
				COPY_PHASE_STRIP = NO;
				DEAD_CODE_STRIPPING = YES;
				DEBUG_INFORMATION_FORMAT = dwarf;
				DEVELOPMENT_TEAM = UYW9H52U42;
				ENABLE_STRICT_OBJC_MSGSEND = YES;
				ENABLE_TESTABILITY = YES;
				ENABLE_USER_SCRIPT_SANDBOXING = YES;
				GCC_C_LANGUAGE_STANDARD = gnu17;
				GCC_DYNAMIC_NO_PIC = NO;
				GCC_NO_COMMON_BLOCKS = YES;
				GCC_OPTIMIZATION_LEVEL = 0;
				GCC_PREPROCESSOR_DEFINITIONS = (
					"DEBUG=1",
					"$(inherited)",
				);
				GCC_WARN_64_TO_32_BIT_CONVERSION = YES;
				GCC_WARN_ABOUT_RETURN_TYPE = YES_ERROR;
				GCC_WARN_UNDECLARED_SELECTOR = YES;
				GCC_WARN_UNINITIALIZED_AUTOS = YES_AGGRESSIVE;
				GCC_WARN_UNUSED_FUNCTION = YES;
				GCC_WARN_UNUSED_VARIABLE = YES;
				LOCALIZATION_PREFERS_STRING_CATALOGS = YES;
				MTL_ENABLE_DEBUG_INFO = INCLUDE_SOURCE;
				MTL_FAST_MATH = YES;
				ONLY_ACTIVE_ARCH = YES;
				STRING_CATALOG_GENERATE_SYMBOLS = YES;
				SWIFT_ACTIVE_COMPILATION_CONDITIONS = "DEBUG $(inherited)";
				SWIFT_OPTIMIZATION_LEVEL = "-Onone";
			};
			name = Debug;
		};
		8C528C362F333EE900F9D2EA /* Release */ = {
			isa = XCBuildConfiguration;
			buildSettings = {
				ALWAYS_SEARCH_USER_PATHS = NO;
				ASSETCATALOG_COMPILER_GENERATE_SWIFT_ASSET_SYMBOL_EXTENSIONS = YES;
				CLANG_ANALYZER_NONNULL = YES;
				CLANG_ANALYZER_NUMBER_OBJECT_CONVERSION = YES_AGGRESSIVE;
				CLANG_CXX_LANGUAGE_STANDARD = "gnu++20";
				CLANG_ENABLE_MODULES = YES;
				CLANG_ENABLE_OBJC_ARC = YES;
				CLANG_ENABLE_OBJC_WEAK = YES;
				CLANG_WARN_BLOCK_CAPTURE_AUTORELEASING = YES;
				CLANG_WARN_BOOL_CONVERSION = YES;
				CLANG_WARN_COMMA = YES;
				CLANG_WARN_CONSTANT_CONVERSION = YES;
				CLANG_WARN_DEPRECATED_OBJC_IMPLEMENTATIONS = YES;
				CLANG_WARN_DIRECT_OBJC_ISA_USAGE = YES_ERROR;
				CLANG_WARN_DOCUMENTATION_COMMENTS = YES;
				CLANG_WARN_EMPTY_BODY = YES;
				CLANG_WARN_ENUM_CONVERSION = YES;
				CLANG_WARN_INFINITE_RECURSION = YES;
				CLANG_WARN_INT_CONVERSION = YES;
				CLANG_WARN_NON_LITERAL_NULL_CONVERSION = YES;
				CLANG_WARN_OBJC_IMPLICIT_RETAIN_SELF = YES;
				CLANG_WARN_OBJC_LITERAL_CONVERSION = YES;
				CLANG_WARN_OBJC_ROOT_CLASS = YES_ERROR;
				CLANG_WARN_QUOTED_INCLUDE_IN_FRAMEWORK_HEADER = YES;
				CLANG_WARN_RANGE_LOOP_ANALYSIS = YES;
				CLANG_WARN_STRICT_PROTOTYPES = YES;
				CLANG_WARN_SUSPICIOUS_MOVE = YES;
				CLANG_WARN_UNGUARDED_AVAILABILITY = YES_AGGRESSIVE;
				CLANG_WARN_UNREACHABLE_CODE = YES;
				CLANG_WARN__DUPLICATE_METHOD_MATCH = YES;
				COPY_PHASE_STRIP = NO;
				DEAD_CODE_STRIPPING = YES;
				DEBUG_INFORMATION_FORMAT = "dwarf-with-dsym";
				DEVELOPMENT_TEAM = UYW9H52U42;
				ENABLE_NS_ASSERTIONS = NO;
				ENABLE_STRICT_OBJC_MSGSEND = YES;
				ENABLE_USER_SCRIPT_SANDBOXING = YES;
				GCC_C_LANGUAGE_STANDARD = gnu17;
				GCC_NO_COMMON_BLOCKS = YES;
				GCC_WARN_64_TO_32_BIT_CONVERSION = YES;
				GCC_WARN_ABOUT_RETURN_TYPE = YES_ERROR;
				GCC_WARN_UNDECLARED_SELECTOR = YES;
				GCC_WARN_UNINITIALIZED_AUTOS = YES_AGGRESSIVE;
				GCC_WARN_UNUSED_FUNCTION = YES;
				GCC_WARN_UNUSED_VARIABLE = YES;
				LOCALIZATION_PREFERS_STRING_CATALOGS = YES;
				MTL_ENABLE_DEBUG_INFO = NO;
				MTL_FAST_MATH = YES;
				STRING_CATALOG_GENERATE_SYMBOLS = YES;
				SWIFT_COMPILATION_MODE = wholemodule;
			};
			name = Release;
		};
		8C528C382F333EE900F9D2EA /* Debug */ = {
			isa = XCBuildConfiguration;
			buildSettings = {
				ASSETCATALOG_COMPILER_APPICON_NAME = AppIcon;
				ASSETCATALOG_COMPILER_GLOBAL_ACCENT_COLOR_NAME = AccentColor;
				CODE_SIGN_STYLE = Automatic;
				CURRENT_PROJECT_VERSION = 1;
				DEAD_CODE_STRIPPING = YES;
				DEVELOPMENT_TEAM = UYW9H52U42;
				ENABLE_APP_SANDBOX = YES;
				ENABLE_HARDENED_RUNTIME = YES;
				ENABLE_PREVIEWS = YES;
				ENABLE_USER_SELECTED_FILES = readonly;
				GENERATE_INFOPLIST_FILE = YES;
				"INFOPLIST_KEY_UIApplicationSceneManifest_Generation[sdk=iphoneos*]" = YES;
				"INFOPLIST_KEY_UIApplicationSceneManifest_Generation[sdk=iphonesimulator*]" = YES;
				"INFOPLIST_KEY_UIApplicationSupportsIndirectInputEvents[sdk=iphoneos*]" = YES;
				"INFOPLIST_KEY_UIApplicationSupportsIndirectInputEvents[sdk=iphonesimulator*]" = YES;
				"INFOPLIST_KEY_UILaunchScreen_Generation[sdk=iphoneos*]" = YES;
				"INFOPLIST_KEY_UILaunchScreen_Generation[sdk=iphonesimulator*]" = YES;
				"INFOPLIST_KEY_UIStatusBarStyle[sdk=iphoneos*]" = UIStatusBarStyleDefault;
				"INFOPLIST_KEY_UIStatusBarStyle[sdk=iphonesimulator*]" = UIStatusBarStyleDefault;
				INFOPLIST_KEY_UISupportedInterfaceOrientations_iPad = "UIInterfaceOrientationPortrait UIInterfaceOrientationPortraitUpsideDown UIInterfaceOrientationLandscapeLeft UIInterfaceOrientationLandscapeRight";
				INFOPLIST_KEY_UISupportedInterfaceOrientations_iPhone = "UIInterfaceOrientationPortrait UIInterfaceOrientationLandscapeLeft UIInterfaceOrientationLandscapeRight";
				IPHONEOS_DEPLOYMENT_TARGET = 26.0;
				LD_RUNPATH_SEARCH_PATHS = "@executable_path/Frameworks";
				"LD_RUNPATH_SEARCH_PATHS[sdk=macosx*]" = "@executable_path/../Frameworks";
				MACOSX_DEPLOYMENT_TARGET = 26.0;
				MARKETING_VERSION = 1.0;
				PRODUCT_BUNDLE_IDENTIFIER = com.raghadd.Hawlik;
				PRODUCT_NAME = "$(TARGET_NAME)";
				REGISTER_APP_GROUPS = YES;
				SDKROOT = auto;
				STRING_CATALOG_GENERATE_SYMBOLS = YES;
				SUPPORTED_PLATFORMS = "iphoneos iphonesimulator macosx xros xrsimulator";
				SWIFT_APPROACHABLE_CONCURRENCY = YES;
				SWIFT_DEFAULT_ACTOR_ISOLATION = MainActor;
				SWIFT_EMIT_LOC_STRINGS = YES;
				SWIFT_UPCOMING_FEATURE_MEMBER_IMPORT_VISIBILITY = YES;
				SWIFT_VERSION = 5.0;
				TARGETED_DEVICE_FAMILY = "1,2,7";
				XROS_DEPLOYMENT_TARGET = 26.0;
			};
			name = Debug;
		};
		8C528C392F333EE900F9D2EA /* Release */ = {
			isa = XCBuildConfiguration;
			buildSettings = {
				ASSETCATALOG_COMPILER_APPICON_NAME = AppIcon;
				ASSETCATALOG_COMPILER_GLOBAL_ACCENT_COLOR_NAME = AccentColor;
				CODE_SIGN_STYLE = Automatic;
				CURRENT_PROJECT_VERSION = 1;
				DEAD_CODE_STRIPPING = YES;
				DEVELOPMENT_TEAM = UYW9H52U42;
				ENABLE_APP_SANDBOX = YES;
				ENABLE_HARDENED_RUNTIME = YES;
				ENABLE_PREVIEWS = YES;
				ENABLE_USER_SELECTED_FILES = readonly;
				GENERATE_INFOPLIST_FILE = YES;
				"INFOPLIST_KEY_UIApplicationSceneManifest_Generation[sdk=iphoneos*]" = YES;
				"INFOPLIST_KEY_UIApplicationSceneManifest_Generation[sdk=iphonesimulator*]" = YES;
				"INFOPLIST_KEY_UIApplicationSupportsIndirectInputEvents[sdk=iphoneos*]" = YES;
				"INFOPLIST_KEY_UIApplicationSupportsIndirectInputEvents[sdk=iphonesimulator*]" = YES;
				"INFOPLIST_KEY_UILaunchScreen_Generation[sdk=iphoneos*]" = YES;
				"INFOPLIST_KEY_UILaunchScreen_Generation[sdk=iphonesimulator*]" = YES;
				"INFOPLIST_KEY_UIStatusBarStyle[sdk=iphoneos*]" = UIStatusBarStyleDefault;
				"INFOPLIST_KEY_UIStatusBarStyle[sdk=iphonesimulator*]" = UIStatusBarStyleDefault;
				INFOPLIST_KEY_UISupportedInterfaceOrientations_iPad = "UIInterfaceOrientationPortrait UIInterfaceOrientationPortraitUpsideDown UIInterfaceOrientationLandscapeLeft UIInterfaceOrientationLandscapeRight";
				INFOPLIST_KEY_UISupportedInterfaceOrientations_iPhone = "UIInterfaceOrientationPortrait UIInterfaceOrientationLandscapeLeft UIInterfaceOrientationLandscapeRight";
				IPHONEOS_DEPLOYMENT_TARGET = 26.0;
				LD_RUNPATH_SEARCH_PATHS = "@executable_path/Frameworks";
				"LD_RUNPATH_SEARCH_PATHS[sdk=macosx*]" = "@executable_path/../Frameworks";
				MACOSX_DEPLOYMENT_TARGET = 26.0;
				MARKETING_VERSION = 1.0;
				PRODUCT_BUNDLE_IDENTIFIER = com.raghadd.Hawlik;
				PRODUCT_NAME = "$(TARGET_NAME)";
				REGISTER_APP_GROUPS = YES;
				SDKROOT = auto;
				STRING_CATALOG_GENERATE_SYMBOLS = YES;
				SUPPORTED_PLATFORMS = "iphoneos iphonesimulator macosx xros xrsimulator";
				SWIFT_APPROACHABLE_CONCURRENCY = YES;
				SWIFT_DEFAULT_ACTOR_ISOLATION = MainActor;
				SWIFT_EMIT_LOC_STRINGS = YES;
				SWIFT_UPCOMING_FEATURE_MEMBER_IMPORT_VISIBILITY = YES;
				SWIFT_VERSION = 5.0;
				TARGETED_DEVICE_FAMILY = "1,2,7";
				XROS_DEPLOYMENT_TARGET = 26.0;
			};
			name = Release;
		};
		8C528C3B2F333EE900F9D2EA /* Debug */ = {
			isa = XCBuildConfiguration;
			buildSettings = {
				BUNDLE_LOADER = "$(TEST_HOST)";
				CODE_SIGN_STYLE = Automatic;
				CURRENT_PROJECT_VERSION = 1;
				DEAD_CODE_STRIPPING = YES;
				DEVELOPMENT_TEAM = UYW9H52U42;
				GENERATE_INFOPLIST_FILE = YES;
				IPHONEOS_DEPLOYMENT_TARGET = 26.0;
				MACOSX_DEPLOYMENT_TARGET = 26.0;
				MARKETING_VERSION = 1.0;
				PRODUCT_BUNDLE_IDENTIFIER = com.raghadd.HawlikTests;
				PRODUCT_NAME = "$(TARGET_NAME)";
				SDKROOT = auto;
				STRING_CATALOG_GENERATE_SYMBOLS = NO;
				SUPPORTED_PLATFORMS = "iphoneos iphonesimulator macosx xros xrsimulator";
				SWIFT_APPROACHABLE_CONCURRENCY = YES;
				SWIFT_EMIT_LOC_STRINGS = NO;
				SWIFT_UPCOMING_FEATURE_MEMBER_IMPORT_VISIBILITY = YES;
				SWIFT_VERSION = 5.0;
				TARGETED_DEVICE_FAMILY = "1,2,7";
				TEST_HOST = "$(BUILT_PRODUCTS_DIR)/Hawlik.app/$(BUNDLE_EXECUTABLE_FOLDER_PATH)/Hawlik";
				XROS_DEPLOYMENT_TARGET = 26.0;
			};
			name = Debug;
		};
		8C528C3C2F333EE900F9D2EA /* Release */ = {
			isa = XCBuildConfiguration;
			buildSettings = {
				BUNDLE_LOADER = "$(TEST_HOST)";
				CODE_SIGN_STYLE = Automatic;
				CURRENT_PROJECT_VERSION = 1;
				DEAD_CODE_STRIPPING = YES;
				DEVELOPMENT_TEAM = UYW9H52U42;
				GENERATE_INFOPLIST_FILE = YES;
				IPHONEOS_DEPLOYMENT_TARGET = 26.0;
				MACOSX_DEPLOYMENT_TARGET = 26.0;
				MARKETING_VERSION = 1.0;
				PRODUCT_BUNDLE_IDENTIFIER = com.raghadd.HawlikTests;
				PRODUCT_NAME = "$(TARGET_NAME)";
				SDKROOT = auto;
				STRING_CATALOG_GENERATE_SYMBOLS = NO;
				SUPPORTED_PLATFORMS = "iphoneos iphonesimulator macosx xros xrsimulator";
				SWIFT_APPROACHABLE_CONCURRENCY = YES;
				SWIFT_EMIT_LOC_STRINGS = NO;
				SWIFT_UPCOMING_FEATURE_MEMBER_IMPORT_VISIBILITY = YES;
				SWIFT_VERSION = 5.0;
				TARGETED_DEVICE_FAMILY = "1,2,7";
				TEST_HOST = "$(BUILT_PRODUCTS_DIR)/Hawlik.app/$(BUNDLE_EXECUTABLE_FOLDER_PATH)/Hawlik";
				XROS_DEPLOYMENT_TARGET = 26.0;
			};
			name = Release;
		};
		8C528C3E2F333EE900F9D2EA /* Debug */ = {
			isa = XCBuildConfiguration;
			buildSettings = {
				CODE_SIGN_STYLE = Automatic;
				CURRENT_PROJECT_VERSION = 1;
				DEAD_CODE_STRIPPING = YES;
				DEVELOPMENT_TEAM = UYW9H52U42;
				GENERATE_INFOPLIST_FILE = YES;
				IPHONEOS_DEPLOYMENT_TARGET = 26.0;
				MACOSX_DEPLOYMENT_TARGET = 26.0;
				MARKETING_VERSION = 1.0;
				PRODUCT_BUNDLE_IDENTIFIER = com.raghadd.HawlikUITests;
				PRODUCT_NAME = "$(TARGET_NAME)";
				SDKROOT = auto;
				STRING_CATALOG_GENERATE_SYMBOLS = NO;
				SUPPORTED_PLATFORMS = "iphoneos iphonesimulator macosx xros xrsimulator";
				SWIFT_APPROACHABLE_CONCURRENCY = YES;
				SWIFT_EMIT_LOC_STRINGS = NO;
				SWIFT_UPCOMING_FEATURE_MEMBER_IMPORT_VISIBILITY = YES;
				SWIFT_VERSION = 5.0;
				TARGETED_DEVICE_FAMILY = "1,2,7";
				TEST_TARGET_NAME = Hawlik;
				XROS_DEPLOYMENT_TARGET = 26.0;
			};
			name = Debug;
		};
		8C528C3F2F333EE900F9D2EA /* Release */ = {
			isa = XCBuildConfiguration;
			buildSettings = {
				CODE_SIGN_STYLE = Automatic;
				CURRENT_PROJECT_VERSION = 1;
				DEAD_CODE_STRIPPING = YES;
				DEVELOPMENT_TEAM = UYW9H52U42;
				GENERATE_INFOPLIST_FILE = YES;
				IPHONEOS_DEPLOYMENT_TARGET = 26.0;
				MACOSX_DEPLOYMENT_TARGET = 26.0;
				MARKETING_VERSION = 1.0;
				PRODUCT_BUNDLE_IDENTIFIER = com.raghadd.HawlikUITests;
				PRODUCT_NAME = "$(TARGET_NAME)";
				SDKROOT = auto;
				STRING_CATALOG_GENERATE_SYMBOLS = NO;
				SUPPORTED_PLATFORMS = "iphoneos iphonesimulator macosx xros xrsimulator";
				SWIFT_APPROACHABLE_CONCURRENCY = YES;
				SWIFT_EMIT_LOC_STRINGS = NO;
				SWIFT_UPCOMING_FEATURE_MEMBER_IMPORT_VISIBILITY = YES;
				SWIFT_VERSION = 5.0;
				TARGETED_DEVICE_FAMILY = "1,2,7";
				TEST_TARGET_NAME = Hawlik;
				XROS_DEPLOYMENT_TARGET = 26.0;
			};
			name = Release;
		};
/* End XCBuildConfiguration section */

/* Begin XCConfigurationList section */
		471B14652F347F8A00A15F40 /* Build configuration list for PBXNativeTarget "Hawlikios" */ = {
			isa = XCConfigurationList;
			buildConfigurations = (
				471B145F2F347F8A00A15F40 /* Debug */,
				471B14602F347F8A00A15F40 /* Release */,
			);
			defaultConfigurationIsVisible = 0;
			defaultConfigurationName = Release;
		};
		471B14662F347F8A00A15F40 /* Build configuration list for PBXNativeTarget "HawlikiosTests" */ = {
			isa = XCConfigurationList;
			buildConfigurations = (
				471B14612F347F8A00A15F40 /* Debug */,
				471B14622F347F8A00A15F40 /* Release */,
			);
			defaultConfigurationIsVisible = 0;
			defaultConfigurationName = Release;
		};
		471B14672F347F8A00A15F40 /* Build configuration list for PBXNativeTarget "HawlikiosUITests" */ = {
			isa = XCConfigurationList;
			buildConfigurations = (
				471B14632F347F8A00A15F40 /* Debug */,
				471B14642F347F8A00A15F40 /* Release */,
			);
			defaultConfigurationIsVisible = 0;
			defaultConfigurationName = Release;
		};
		8C528C112F333EE700F9D2EA /* Build configuration list for PBXProject "Hawlik" */ = {
			isa = XCConfigurationList;
			buildConfigurations = (
				8C528C352F333EE900F9D2EA /* Debug */,
				8C528C362F333EE900F9D2EA /* Release */,
			);
			defaultConfigurationIsVisible = 0;
			defaultConfigurationName = Release;
		};
		8C528C372F333EE900F9D2EA /* Build configuration list for PBXNativeTarget "Hawlik" */ = {
			isa = XCConfigurationList;
			buildConfigurations = (
				8C528C382F333EE900F9D2EA /* Debug */,
				8C528C392F333EE900F9D2EA /* Release */,
			);
			defaultConfigurationIsVisible = 0;
			defaultConfigurationName = Release;
		};
		8C528C3A2F333EE900F9D2EA /* Build configuration list for PBXNativeTarget "HawlikTests" */ = {
			isa = XCConfigurationList;
			buildConfigurations = (
				8C528C3B2F333EE900F9D2EA /* Debug */,
				8C528C3C2F333EE900F9D2EA /* Release */,
			);
			defaultConfigurationIsVisible = 0;
			defaultConfigurationName = Release;
		};
		8C528C3D2F333EE900F9D2EA /* Build configuration list for PBXNativeTarget "HawlikUITests" */ = {
			isa = XCConfigurationList;
			buildConfigurations = (
				8C528C3E2F333EE900F9D2EA /* Debug */,
				8C528C3F2F333EE900F9D2EA /* Release */,
			);
			defaultConfigurationIsVisible = 0;
			defaultConfigurationName = Release;
		};
/* End XCConfigurationList section */
	};
	rootObject = 8C528C0E2F333EE700F9D2EA /* Project object */;
}
