// !$*UTF8*$!
{
	archiveVersion = 1;
	classes = {
	};
	objectVersion = 77;
	objects = {

/* Begin PBXContainerItemProxy section */
		8C42C9B72F4A2B0E008290E2 /* PBXContainerItemProxy */ = {
			isa = PBXContainerItemProxy;
			containerPortal = 8C528C0E2F333EE700F9D2EA /* Project object */;
			proxyType = 1;
			remoteGlobalIDString = 8C42C9A92F4A2B0D008290E2;
			remoteInfo = Hawlik_iOS;
		};
		8C42C9C12F4A2B0E008290E2 /* PBXContainerItemProxy */ = {
			isa = PBXContainerItemProxy;
			containerPortal = 8C528C0E2F333EE700F9D2EA /* Project object */;
			proxyType = 1;
			remoteGlobalIDString = 8C42C9A92F4A2B0D008290E2;
			remoteInfo = Hawlik_iOS;
		};
		8C528C242F333EE900F9D2EA /* PBXContainerItemProxy */ = {
			isa = PBXContainerItemProxy;
			containerPortal = 8C528C0E2F333EE700F9D2EA /* Project object */;
			proxyType = 1;
			remoteGlobalIDString = 8C528C152F333EE700F9D2EA;
			remoteInfo = Hawlik;
		};
		8C528C2E2F333EE900F9D2EA /* PBXContainerItemProxy */ = {
			isa = PBXContainerItemProxy;
			containerPortal = 8C528C0E2F333EE700F9D2EA /* Project object */;
			proxyType = 1;
			remoteGlobalIDString = 8C528C152F333EE700F9D2EA;
			remoteInfo = Hawlik;
		};
/* End PBXContainerItemProxy section */

/* Begin PBXFileReference section */
		8C42C9AA2F4A2B0D008290E2 /* Hawlik_iOS.app */ = {isa = PBXFileReference; explicitFileType = wrapper.application; includeInIndex = 0; path = Hawlik_iOS.app; sourceTree = BUILT_PRODUCTS_DIR; };
		8C42C9B62F4A2B0E008290E2 /* Hawlik_iOSTests.xctest */ = {isa = PBXFileReference; explicitFileType = wrapper.cfbundle; includeInIndex = 0; path = Hawlik_iOSTests.xctest; sourceTree = BUILT_PRODUCTS_DIR; };
		8C42C9C02F4A2B0E008290E2 /* Hawlik_iOSUITests.xctest */ = {isa = PBXFileReference; explicitFileType = wrapper.cfbundle; includeInIndex = 0; path = Hawlik_iOSUITests.xctest; sourceTree = BUILT_PRODUCTS_DIR; };
		8C528C162F333EE700F9D2EA /* Hawlik.app */ = {isa = PBXFileReference; explicitFileType = wrapper.application; includeInIndex = 0; path = Hawlik.app; sourceTree = BUILT_PRODUCTS_DIR; };
		8C528C232F333EE900F9D2EA /* HawlikTests.xctest */ = {isa = PBXFileReference; explicitFileType = wrapper.cfbundle; includeInIndex = 0; path = HawlikTests.xctest; sourceTree = BUILT_PRODUCTS_DIR; };
		8C528C2D2F333EE900F9D2EA /* HawlikUITests.xctest */ = {isa = PBXFileReference; explicitFileType = wrapper.cfbundle; includeInIndex = 0; path = HawlikUITests.xctest; sourceTree = BUILT_PRODUCTS_DIR; };
/* End PBXFileReference section */

/* Begin PBXFileSystemSynchronizedBuildFileExceptionSet section */
		8C42C9D22F4A2D61008290E2 /* Exceptions for "Hawlik" folder in "Hawlik_iOS" target */ = {
			isa = PBXFileSystemSynchronizedBuildFileExceptionSet;
			membershipExceptions = (
				AppSehll.swift,
				AppTapBar.swift,
				Assets.xcassets,
				Backto.swift,
				BudgetPopup.swift,
				CategoriesPopup.swift,
				CategoryRow.swift,
				ContentView.swift,
				ControlsColumn.swift,
				HawlikApp.swift,
				Interest.swift,
				InterestPopup.swift,
				LocalSearchService.swift,
				LocationManager.swift,
				MainView.swift,
				MapHomeView.swift,
				MapScreen.swift,
				MapViewRepresentable.swift,
				MockPlaces.swift,
				Norah1View.swift,
				Norah2View.swift,
				Place.swift,
				PlaceDetailsSheet.swift,
				PlacesNearYouSheet.swift,
				PlacesViewModel.swift,
				Prefrences.swift,
				RootView.swift,
				saved.swift,
				Theme.swift,
				TopBar.swift,
				TripPlace.swift,
				TripPlacesView.swift,
				TripPlanningFlowView.swift,
				TripsView.swift,
			);
			target = 8C42C9A92F4A2B0D008290E2 /* Hawlik_iOS */;
		};
		8C42C9D32F4A2D6F008290E2 /* Exceptions for "Hawlik" folder in "Hawlik" target */ = {
			isa = PBXFileSystemSynchronizedBuildFileExceptionSet;
			membershipExceptions = (
				AppSehll.swift,
				AppTapBar.swift,
				Assets.xcassets,
				Backto.swift,
				BudgetPopup.swift,
				CategoriesPopup.swift,
				CategoryRow.swift,
				ContentView.swift,
				ControlsColumn.swift,
				HawlikApp.swift,
				Interest.swift,
				InterestPopup.swift,
				LocalSearchService.swift,
				LocationManager.swift,
				MainView.swift,
				MapHomeView.swift,
				MapScreen.swift,
				MapViewRepresentable.swift,
				MockPlaces.swift,
				Norah1View.swift,
				Norah2View.swift,
				Place.swift,
				PlaceDetailsSheet.swift,
				PlacesNearYouSheet.swift,
				PlacesViewModel.swift,
				Prefrences.swift,
				RootView.swift,
				saved.swift,
				Theme.swift,
				TopBar.swift,
				TripPlace.swift,
				TripPlacesView.swift,
				TripPlanningFlowView.swift,
				TripsView.swift,
			);
			target = 8C528C152F333EE700F9D2EA /* Hawlik */;
		};
/* End PBXFileSystemSynchronizedBuildFileExceptionSet section */

/* Begin PBXFileSystemSynchronizedRootGroup section */
		8C42C9AB2F4A2B0D008290E2 /* Hawlik_iOS */ = {
			isa = PBXFileSystemSynchronizedRootGroup;
			path = Hawlik_iOS;
			sourceTree = "<group>";
		};
		8C42C9B92F4A2B0E008290E2 /* Hawlik_iOSTests */ = {
			isa = PBXFileSystemSynchronizedRootGroup;
			path = Hawlik_iOSTests;
			sourceTree = "<group>";
		};
		8C42C9C32F4A2B0E008290E2 /* Hawlik_iOSUITests */ = {
			isa = PBXFileSystemSynchronizedRootGroup;
			path = Hawlik_iOSUITests;
			sourceTree = "<group>";
		};
		8C528C182F333EE700F9D2EA /* Hawlik */ = {
			isa = PBXFileSystemSynchronizedRootGroup;
			exceptions = (
				8C42C9D32F4A2D6F008290E2 /* Exceptions for "Hawlik" folder in "Hawlik" target */,
				8C42C9D22F4A2D61008290E2 /* Exceptions for "Hawlik" folder in "Hawlik_iOS" target */,
			);
			path = Hawlik;
			sourceTree = "<group>";
		};
		8C528C302F333EE900F9D2EA /* HawlikUITests */ = {
			isa = PBXFileSystemSynchronizedRootGroup;
			path = HawlikUITests;
			sourceTree = "<group>";
		};
/* End PBXFileSystemSynchronizedRootGroup section */

/* Begin PBXFrameworksBuildPhase section */
		8C42C9A72F4A2B0D008290E2 /* Frameworks */ = {
			isa = PBXFrameworksBuildPhase;
			buildActionMask = 2147483647;
			files = (
			);
			runOnlyForDeploymentPostprocessing = 0;
		};
		8C42C9B32F4A2B0E008290E2 /* Frameworks */ = {
			isa = PBXFrameworksBuildPhase;
			buildActionMask = 2147483647;
			files = (
			);
			runOnlyForDeploymentPostprocessing = 0;
		};
		8C42C9BD2F4A2B0E008290E2 /* Frameworks */ = {
			isa = PBXFrameworksBuildPhase;
			buildActionMask = 2147483647;
			files = (
			);
			runOnlyForDeploymentPostprocessing = 0;
		};
		8C528C132F333EE700F9D2EA /* Frameworks */ = {
			isa = PBXFrameworksBuildPhase;
			buildActionMask = 2147483647;
			files = (
			);
			runOnlyForDeploymentPostprocessing = 0;
		};
		8C528C202F333EE900F9D2EA /* Frameworks */ = {
			isa = PBXFrameworksBuildPhase;
			buildActionMask = 2147483647;
			files = (
			);
			runOnlyForDeploymentPostprocessing = 0;
		};
		8C528C2A2F333EE900F9D2EA /* Frameworks */ = {
			isa = PBXFrameworksBuildPhase;
			buildActionMask = 2147483647;
			files = (
			);
			runOnlyForDeploymentPostprocessing = 0;
		};
/* End PBXFrameworksBuildPhase section */

/* Begin PBXGroup section */
		8C528C0D2F333EE700F9D2EA = {
			isa = PBXGroup;
			children = (
				8C528C182F333EE700F9D2EA /* Hawlik */,
				8C528C302F333EE900F9D2EA /* HawlikUITests */,
				8C42C9AB2F4A2B0D008290E2 /* Hawlik_iOS */,
				8C42C9B92F4A2B0E008290E2 /* Hawlik_iOSTests */,
				8C42C9C32F4A2B0E008290E2 /* Hawlik_iOSUITests */,
				8C528C172F333EE700F9D2EA /* Products */,
			);
			sourceTree = "<group>";
		};
		8C528C172F333EE700F9D2EA /* Products */ = {
			isa = PBXGroup;
			children = (
				8C528C162F333EE700F9D2EA /* Hawlik.app */,
				8C528C232F333EE900F9D2EA /* HawlikTests.xctest */,
				8C528C2D2F333EE900F9D2EA /* HawlikUITests.xctest */,
				8C42C9AA2F4A2B0D008290E2 /* Hawlik_iOS.app */,
				8C42C9B62F4A2B0E008290E2 /* Hawlik_iOSTests.xctest */,
				8C42C9C02F4A2B0E008290E2 /* Hawlik_iOSUITests.xctest */,
			);
			name = Products;
			sourceTree = "<group>";
		};
/* End PBXGroup section */

/* Begin PBXNativeTarget section */
		8C42C9A92F4A2B0D008290E2 /* Hawlik_iOS */ = {
			isa = PBXNativeTarget;
			buildConfigurationList = 8C42C9CE2F4A2B0E008290E2 /* Build configuration list for PBXNativeTarget "Hawlik_iOS" */;
			buildPhases = (
				8C42C9A62F4A2B0D008290E2 /* Sources */,
				8C42C9A72F4A2B0D008290E2 /* Frameworks */,
				8C42C9A82F4A2B0D008290E2 /* Resources */,
			);
			buildRules = (
			);
			dependencies = (
			);
			fileSystemSynchronizedGroups = (
				8C42C9AB2F4A2B0D008290E2 /* Hawlik_iOS */,
			);
			name = Hawlik_iOS;
			packageProductDependencies = (
			);
			productName = Hawlik_iOS;
			productReference = 8C42C9AA2F4A2B0D008290E2 /* Hawlik_iOS.app */;
			productType = "com.apple.product-type.application";
		};
		8C42C9B52F4A2B0E008290E2 /* Hawlik_iOSTests */ = {
			isa = PBXNativeTarget;
			buildConfigurationList = 8C42C9CF2F4A2B0E008290E2 /* Build configuration list for PBXNativeTarget "Hawlik_iOSTests" */;
			buildPhases = (
				8C42C9B22F4A2B0E008290E2 /* Sources */,
				8C42C9B32F4A2B0E008290E2 /* Frameworks */,
				8C42C9B42F4A2B0E008290E2 /* Resources */,
			);
			buildRules = (
			);
			dependencies = (
				8C42C9B82F4A2B0E008290E2 /* PBXTargetDependency */,
			);
			fileSystemSynchronizedGroups = (
				8C42C9B92F4A2B0E008290E2 /* Hawlik_iOSTests */,
			);
			name = Hawlik_iOSTests;
			packageProductDependencies = (
			);
			productName = Hawlik_iOSTests;
			productReference = 8C42C9B62F4A2B0E008290E2 /* Hawlik_iOSTests.xctest */;
			productType = "com.apple.product-type.bundle.unit-test";
		};
		8C42C9BF2F4A2B0E008290E2 /* Hawlik_iOSUITests */ = {
			isa = PBXNativeTarget;
			buildConfigurationList = 8C42C9D02F4A2B0E008290E2 /* Build configuration list for PBXNativeTarget "Hawlik_iOSUITests" */;
			buildPhases = (
				8C42C9BC2F4A2B0E008290E2 /* Sources */,
				8C42C9BD2F4A2B0E008290E2 /* Frameworks */,
				8C42C9BE2F4A2B0E008290E2 /* Resources */,
			);
			buildRules = (
			);
			dependencies = (
				8C42C9C22F4A2B0E008290E2 /* PBXTargetDependency */,
			);
			fileSystemSynchronizedGroups = (
				8C42C9C32F4A2B0E008290E2 /* Hawlik_iOSUITests */,
			);
			name = Hawlik_iOSUITests;
			packageProductDependencies = (
			);
			productName = Hawlik_iOSUITests;
			productReference = 8C42C9C02F4A2B0E008290E2 /* Hawlik_iOSUITests.xctest */;
			productType = "com.apple.product-type.bundle.ui-testing";
		};
		8C528C152F333EE700F9D2EA /* Hawlik */ = {
			isa = PBXNativeTarget;
			buildConfigurationList = 8C528C372F333EE900F9D2EA /* Build configuration list for PBXNativeTarget "Hawlik" */;
			buildPhases = (
				8C528C122F333EE700F9D2EA /* Sources */,
				8C528C132F333EE700F9D2EA /* Frameworks */,
				8C528C142F333EE700F9D2EA /* Resources */,
			);
			buildRules = (
			);
			dependencies = (
			);
			fileSystemSynchronizedGroups = (
				8C528C182F333EE700F9D2EA /* Hawlik */,
			);
			name = Hawlik;
			packageProductDependencies = (
			);
			productName = Hawlik;
			productReference = 8C528C162F333EE700F9D2EA /* Hawlik.app */;
			productType = "com.apple.product-type.application";
		};
		8C528C222F333EE900F9D2EA /* HawlikTests */ = {
			isa = PBXNativeTarget;
			buildConfigurationList = 8C528C3A2F333EE900F9D2EA /* Build configuration list for PBXNativeTarget "HawlikTests" */;
			buildPhases = (
				8C528C1F2F333EE900F9D2EA /* Sources */,
				8C528C202F333EE900F9D2EA /* Frameworks */,
				8C528C212F333EE900F9D2EA /* Resources */,
			);
			buildRules = (
			);
			dependencies = (
				8C528C252F333EE900F9D2EA /* PBXTargetDependency */,
			);
			name = HawlikTests;
			packageProductDependencies = (
			);
			productName = HawlikTests;
			productReference = 8C528C232F333EE900F9D2EA /* HawlikTests.xctest */;
			productType = "com.apple.product-type.bundle.unit-test";
		};
		8C528C2C2F333EE900F9D2EA /* HawlikUITests */ = {
			isa = PBXNativeTarget;
			buildConfigurationList = 8C528C3D2F333EE900F9D2EA /* Build configuration list for PBXNativeTarget "HawlikUITests" */;
			buildPhases = (
				8C528C292F333EE900F9D2EA /* Sources */,
				8C528C2A2F333EE900F9D2EA /* Frameworks */,
				8C528C2B2F333EE900F9D2EA /* Resources */,
			);
			buildRules = (
			);
			dependencies = (
				8C528C2F2F333EE900F9D2EA /* PBXTargetDependency */,
			);
			fileSystemSynchronizedGroups = (
				8C528C302F333EE900F9D2EA /* HawlikUITests */,
			);
			name = HawlikUITests;
			packageProductDependencies = (
			);
			productName = HawlikUITests;
			productReference = 8C528C2D2F333EE900F9D2EA /* HawlikUITests.xctest */;
			productType = "com.apple.product-type.bundle.ui-testing";
		};
/* End PBXNativeTarget section */

/* Begin PBXProject section */
		8C528C0E2F333EE700F9D2EA /* Project object */ = {
			isa = PBXProject;
			attributes = {
				BuildIndependentTargetsInParallel = 1;
				LastSwiftUpdateCheck = 2600;
				LastUpgradeCheck = 2600;
				TargetAttributes = {
					8C42C9A92F4A2B0D008290E2 = {
						CreatedOnToolsVersion = 26.0.1;
					};
					8C42C9B52F4A2B0E008290E2 = {
						CreatedOnToolsVersion = 26.0.1;
						TestTargetID = 8C42C9A92F4A2B0D008290E2;
					};
					8C42C9BF2F4A2B0E008290E2 = {
						CreatedOnToolsVersion = 26.0.1;
						TestTargetID = 8C42C9A92F4A2B0D008290E2;
					};
					8C528C152F333EE700F9D2EA = {
						CreatedOnToolsVersion = 26.0.1;
					};
					8C528C222F333EE900F9D2EA = {
						CreatedOnToolsVersion = 26.0.1;
						TestTargetID = 8C528C152F333EE700F9D2EA;
					};
					8C528C2C2F333EE900F9D2EA = {
						CreatedOnToolsVersion = 26.0.1;
						TestTargetID = 8C528C152F333EE700F9D2EA;
					};
				};
			};
			buildConfigurationList = 8C528C112F333EE700F9D2EA /* Build configuration list for PBXProject "Hawlik" */;
			developmentRegion = en;
			hasScannedForEncodings = 0;
			knownRegions = (
				en,
				Base,
			);
			mainGroup = 8C528C0D2F333EE700F9D2EA;
			minimizedProjectReferenceProxies = 1;
			preferredProjectObjectVersion = 77;
			productRefGroup = 8C528C172F333EE700F9D2EA /* Products */;
			projectDirPath = "";
			projectRoot = "";
			targets = (
				8C528C152F333EE700F9D2EA /* Hawlik */,
				8C528C222F333EE900F9D2EA /* HawlikTests */,
				8C528C2C2F333EE900F9D2EA /* HawlikUITests */,
				8C42C9A92F4A2B0D008290E2 /* Hawlik_iOS */,
				8C42C9B52F4A2B0E008290E2 /* Hawlik_iOSTests */,
				8C42C9BF2F4A2B0E008290E2 /* Hawlik_iOSUITests */,
			);
		};
/* End PBXProject section */

/* Begin PBXResourcesBuildPhase section */
		8C42C9A82F4A2B0D008290E2 /* Resources */ = {
			isa = PBXResourcesBuildPhase;
			buildActionMask = 2147483647;
			files = (
			);
			runOnlyForDeploymentPostprocessing = 0;
		};
		8C42C9B42F4A2B0E008290E2 /* Resources */ = {
			isa = PBXResourcesBuildPhase;
			buildActionMask = 2147483647;
			files = (
			);
			runOnlyForDeploymentPostprocessing = 0;
		};
		8C42C9BE2F4A2B0E008290E2 /* Resources */ = {
			isa = PBXResourcesBuildPhase;
			buildActionMask = 2147483647;
			files = (
			);
			runOnlyForDeploymentPostprocessing = 0;
		};
		8C528C142F333EE700F9D2EA /* Resources */ = {
			isa = PBXResourcesBuildPhase;
			buildActionMask = 2147483647;
			files = (
			);
			runOnlyForDeploymentPostprocessing = 0;
		};
		8C528C212F333EE900F9D2EA /* Resources */ = {
			isa = PBXResourcesBuildPhase;
			buildActionMask = 2147483647;
			files = (
			);
			runOnlyForDeploymentPostprocessing = 0;
		};
		8C528C2B2F333EE900F9D2EA /* Resources */ = {
			isa = PBXResourcesBuildPhase;
			buildActionMask = 2147483647;
			files = (
			);
			runOnlyForDeploymentPostprocessing = 0;
		};
/* End PBXResourcesBuildPhase section */

/* Begin PBXSourcesBuildPhase section */
		8C42C9A62F4A2B0D008290E2 /* Sources */ = {
			isa = PBXSourcesBuildPhase;
			buildActionMask = 2147483647;
			files = (
			);
			runOnlyForDeploymentPostprocessing = 0;
		};
		8C42C9B22F4A2B0E008290E2 /* Sources */ = {
			isa = PBXSourcesBuildPhase;
			buildActionMask = 2147483647;
			files = (
			);
			runOnlyForDeploymentPostprocessing = 0;
		};
		8C42C9BC2F4A2B0E008290E2 /* Sources */ = {
			isa = PBXSourcesBuildPhase;
			buildActionMask = 2147483647;
			files = (
			);
			runOnlyForDeploymentPostprocessing = 0;
		};
		8C528C122F333EE700F9D2EA /* Sources */ = {
			isa = PBXSourcesBuildPhase;
			buildActionMask = 2147483647;
			files = (
			);
			runOnlyForDeploymentPostprocessing = 0;
		};
		8C528C1F2F333EE900F9D2EA /* Sources */ = {
			isa = PBXSourcesBuildPhase;
			buildActionMask = 2147483647;
			files = (
			);
			runOnlyForDeploymentPostprocessing = 0;
		};
		8C528C292F333EE900F9D2EA /* Sources */ = {
			isa = PBXSourcesBuildPhase;
			buildActionMask = 2147483647;
			files = (
			);
			runOnlyForDeploymentPostprocessing = 0;
		};
/* End PBXSourcesBuildPhase section */

/* Begin PBXTargetDependency section */
		8C42C9B82F4A2B0E008290E2 /* PBXTargetDependency */ = {
			isa = PBXTargetDependency;
			target = 8C42C9A92F4A2B0D008290E2 /* Hawlik_iOS */;
			targetProxy = 8C42C9B72F4A2B0E008290E2 /* PBXContainerItemProxy */;
		};
		8C42C9C22F4A2B0E008290E2 /* PBXTargetDependency */ = {
			isa = PBXTargetDependency;
			target = 8C42C9A92F4A2B0D008290E2 /* Hawlik_iOS */;
			targetProxy = 8C42C9C12F4A2B0E008290E2 /* PBXContainerItemProxy */;
		};
		8C528C252F333EE900F9D2EA /* PBXTargetDependency */ = {
			isa = PBXTargetDependency;
			target = 8C528C152F333EE700F9D2EA /* Hawlik */;
			targetProxy = 8C528C242F333EE900F9D2EA /* PBXContainerItemProxy */;
		};
		8C528C2F2F333EE900F9D2EA /* PBXTargetDependency */ = {
			isa = PBXTargetDependency;
			target = 8C528C152F333EE700F9D2EA /* Hawlik */;
			targetProxy = 8C528C2E2F333EE900F9D2EA /* PBXContainerItemProxy */;
		};
/* End PBXTargetDependency section */

/* Begin XCBuildConfiguration section */
		8C42C9C82F4A2B0E008290E2 /* Debug */ = {
			isa = XCBuildConfiguration;
			buildSettings = {
				ASSETCATALOG_COMPILER_APPICON_NAME = AppIcon;
				ASSETCATALOG_COMPILER_GLOBAL_ACCENT_COLOR_NAME = AccentColor;
				CODE_SIGN_STYLE = Automatic;
				CURRENT_PROJECT_VERSION = 1;
				DEVELOPMENT_TEAM = UYW9H52U42;
				ENABLE_PREVIEWS = YES;
				GENERATE_INFOPLIST_FILE = YES;
				INFOPLIST_KEY_NSLocationWhenInUseUsageDescription = "We use your location to show nearby places on the map.\n";
				INFOPLIST_KEY_UIApplicationSceneManifest_Generation = YES;
				INFOPLIST_KEY_UIApplicationSupportsIndirectInputEvents = YES;
				INFOPLIST_KEY_UILaunchScreen_Generation = YES;
				INFOPLIST_KEY_UISupportedInterfaceOrientations_iPad = "UIInterfaceOrientationPortrait UIInterfaceOrientationPortraitUpsideDown UIInterfaceOrientationLandscapeLeft UIInterfaceOrientationLandscapeRight";
				INFOPLIST_KEY_UISupportedInterfaceOrientations_iPhone = "UIInterfaceOrientationPortrait UIInterfaceOrientationLandscapeLeft UIInterfaceOrientationLandscapeRight";
				IPHONEOS_DEPLOYMENT_TARGET = 26.0;
				LD_RUNPATH_SEARCH_PATHS = (
					"$(inherited)",
					"@executable_path/Frameworks",
				);
				MARKETING_VERSION = 1.0;
				PRODUCT_BUNDLE_IDENTIFIER = "com.raghadd.Hawlik-iOS";
				PRODUCT_NAME = "$(TARGET_NAME)";
				SDKROOT = iphoneos;
				STRING_CATALOG_GENERATE_SYMBOLS = YES;
				SWIFT_APPROACHABLE_CONCURRENCY = YES;
				SWIFT_DEFAULT_ACTOR_ISOLATION = MainActor;
				SWIFT_EMIT_LOC_STRINGS = YES;
				SWIFT_UPCOMING_FEATURE_MEMBER_IMPORT_VISIBILITY = YES;
				SWIFT_VERSION = 5.0;
				TARGETED_DEVICE_FAMILY = "1,2";
			};
			name = Debug;
		};
		8C42C9C92F4A2B0E008290E2 /* Release */ = {
			isa = XCBuildConfiguration;
			buildSettings = {
				ASSETCATALOG_COMPILER_APPICON_NAME = AppIcon;
				ASSETCATALOG_COMPILER_GLOBAL_ACCENT_COLOR_NAME = AccentColor;
				CODE_SIGN_STYLE = Automatic;
				CURRENT_PROJECT_VERSION = 1;
				DEVELOPMENT_TEAM = UYW9H52U42;
				ENABLE_PREVIEWS = YES;
				GENERATE_INFOPLIST_FILE = YES;
				INFOPLIST_KEY_NSLocationWhenInUseUsageDescription = "We use your location to show nearby places on the map.\n";
				INFOPLIST_KEY_UIApplicationSceneManifest_Generation = YES;
				INFOPLIST_KEY_UIApplicationSupportsIndirectInputEvents = YES;
				INFOPLIST_KEY_UILaunchScreen_Generation = YES;
				INFOPLIST_KEY_UISupportedInterfaceOrientations_iPad = "UIInterfaceOrientationPortrait UIInterfaceOrientationPortraitUpsideDown UIInterfaceOrientationLandscapeLeft UIInterfaceOrientationLandscapeRight";
				INFOPLIST_KEY_UISupportedInterfaceOrientations_iPhone = "UIInterfaceOrientationPortrait UIInterfaceOrientationLandscapeLeft UIInterfaceOrientationLandscapeRight";
				IPHONEOS_DEPLOYMENT_TARGET = 26.0;
				LD_RUNPATH_SEARCH_PATHS = (
					"$(inherited)",
					"@executable_path/Frameworks",
				);
				MARKETING_VERSION = 1.0;
				PRODUCT_BUNDLE_IDENTIFIER = "com.raghadd.Hawlik-iOS";
				PRODUCT_NAME = "$(TARGET_NAME)";
				SDKROOT = iphoneos;
				STRING_CATALOG_GENERATE_SYMBOLS = YES;
				SWIFT_APPROACHABLE_CONCURRENCY = YES;
				SWIFT_DEFAULT_ACTOR_ISOLATION = MainActor;
				SWIFT_EMIT_LOC_STRINGS = YES;
				SWIFT_UPCOMING_FEATURE_MEMBER_IMPORT_VISIBILITY = YES;
				SWIFT_VERSION = 5.0;
				TARGETED_DEVICE_FAMILY = "1,2";
				VALIDATE_PRODUCT = YES;
			};
			name = Release;
		};
		8C42C9CA2F4A2B0E008290E2 /* Debug */ = {
			isa = XCBuildConfiguration;
			buildSettings = {
				BUNDLE_LOADER = "$(TEST_HOST)";
				CODE_SIGN_STYLE = Automatic;
				CURRENT_PROJECT_VERSION = 1;
				DEVELOPMENT_TEAM = UYW9H52U42;
				GENERATE_INFOPLIST_FILE = YES;
				IPHONEOS_DEPLOYMENT_TARGET = 26.0;
				MARKETING_VERSION = 1.0;
				PRODUCT_BUNDLE_IDENTIFIER = "com.raghadd.Hawlik-iOSTests";
				PRODUCT_NAME = "$(TARGET_NAME)";
				SDKROOT = iphoneos;
				STRING_CATALOG_GENERATE_SYMBOLS = NO;
				SWIFT_APPROACHABLE_CONCURRENCY = YES;
				SWIFT_EMIT_LOC_STRINGS = NO;
				SWIFT_UPCOMING_FEATURE_MEMBER_IMPORT_VISIBILITY = YES;
				SWIFT_VERSION = 5.0;
				TARGETED_DEVICE_FAMILY = "1,2";
				TEST_HOST = "$(BUILT_PRODUCTS_DIR)/Hawlik_iOS.app/$(BUNDLE_EXECUTABLE_FOLDER_PATH)/Hawlik_iOS";
			};
			name = Debug;
		};
		8C42C9CB2F4A2B0E008290E2 /* Release */ = {
			isa = XCBuildConfiguration;
			buildSettings = {
				BUNDLE_LOADER = "$(TEST_HOST)";
				CODE_SIGN_STYLE = Automatic;
				CURRENT_PROJECT_VERSION = 1;
				DEVELOPMENT_TEAM = UYW9H52U42;
				GENERATE_INFOPLIST_FILE = YES;
				IPHONEOS_DEPLOYMENT_TARGET = 26.0;
				MARKETING_VERSION = 1.0;
				PRODUCT_BUNDLE_IDENTIFIER = "com.raghadd.Hawlik-iOSTests";
				PRODUCT_NAME = "$(TARGET_NAME)";
				SDKROOT = iphoneos;
				STRING_CATALOG_GENERATE_SYMBOLS = NO;
				SWIFT_APPROACHABLE_CONCURRENCY = YES;
				SWIFT_EMIT_LOC_STRINGS = NO;
				SWIFT_UPCOMING_FEATURE_MEMBER_IMPORT_VISIBILITY = YES;
				SWIFT_VERSION = 5.0;
				TARGETED_DEVICE_FAMILY = "1,2";
				TEST_HOST = "$(BUILT_PRODUCTS_DIR)/Hawlik_iOS.app/$(BUNDLE_EXECUTABLE_FOLDER_PATH)/Hawlik_iOS";
				VALIDATE_PRODUCT = YES;
			};
			name = Release;
		};
		8C42C9CC2F4A2B0E008290E2 /* Debug */ = {
			isa = XCBuildConfiguration;
			buildSettings = {
				CODE_SIGN_STYLE = Automatic;
				CURRENT_PROJECT_VERSION = 1;
				DEVELOPMENT_TEAM = UYW9H52U42;
				GENERATE_INFOPLIST_FILE = YES;
				IPHONEOS_DEPLOYMENT_TARGET = 26.0;
				MARKETING_VERSION = 1.0;
				PRODUCT_BUNDLE_IDENTIFIER = "com.raghadd.Hawlik-iOSUITests";
				PRODUCT_NAME = "$(TARGET_NAME)";
				SDKROOT = iphoneos;
				STRING_CATALOG_GENERATE_SYMBOLS = NO;
				SWIFT_APPROACHABLE_CONCURRENCY = YES;
				SWIFT_EMIT_LOC_STRINGS = NO;
				SWIFT_UPCOMING_FEATURE_MEMBER_IMPORT_VISIBILITY = YES;
				SWIFT_VERSION = 5.0;
				TARGETED_DEVICE_FAMILY = "1,2";
				TEST_TARGET_NAME = Hawlik_iOS;
			};
			name = Debug;
		};
		8C42C9CD2F4A2B0E008290E2 /* Release */ = {
			isa = XCBuildConfiguration;
			buildSettings = {
				CODE_SIGN_STYLE = Automatic;
				CURRENT_PROJECT_VERSION = 1;
				DEVELOPMENT_TEAM = UYW9H52U42;
				GENERATE_INFOPLIST_FILE = YES;
				IPHONEOS_DEPLOYMENT_TARGET = 26.0;
				MARKETING_VERSION = 1.0;
				PRODUCT_BUNDLE_IDENTIFIER = "com.raghadd.Hawlik-iOSUITests";
				PRODUCT_NAME = "$(TARGET_NAME)";
				SDKROOT = iphoneos;
				STRING_CATALOG_GENERATE_SYMBOLS = NO;
				SWIFT_APPROACHABLE_CONCURRENCY = YES;
				SWIFT_EMIT_LOC_STRINGS = NO;
				SWIFT_UPCOMING_FEATURE_MEMBER_IMPORT_VISIBILITY = YES;
				SWIFT_VERSION = 5.0;
				TARGETED_DEVICE_FAMILY = "1,2";
				TEST_TARGET_NAME = Hawlik_iOS;
				VALIDATE_PRODUCT = YES;
			};
			name = Release;
		};
		8C528C352F333EE900F9D2EA /* Debug */ = {
			isa = XCBuildConfiguration;
			buildSettings = {
				ALWAYS_SEARCH_USER_PATHS = NO;
				ASSETCATALOG_COMPILER_GENERATE_SWIFT_ASSET_SYMBOL_EXTENSIONS = YES;
				CLANG_ANALYZER_NONNULL = YES;
				CLANG_ANALYZER_NUMBER_OBJECT_CONVERSION = YES_AGGRESSIVE;
				CLANG_CXX_LANGUAGE_STANDARD = "gnu++20";
				CLANG_ENABLE_MODULES = YES;
				CLANG_ENABLE_OBJC_ARC = YES;
				CLANG_ENABLE_OBJC_WEAK = YES;
				CLANG_WARN_BLOCK_CAPTURE_AUTORELEASING = YES;
				CLANG_WARN_BOOL_CONVERSION = YES;
				CLANG_WARN_COMMA = YES;
				CLANG_WARN_CONSTANT_CONVERSION = YES;
				CLANG_WARN_DEPRECATED_OBJC_IMPLEMENTATIONS = YES;
				CLANG_WARN_DIRECT_OBJC_ISA_USAGE = YES_ERROR;
				CLANG_WARN_DOCUMENTATION_COMMENTS = YES;
				CLANG_WARN_EMPTY_BODY = YES;
				CLANG_WARN_ENUM_CONVERSION = YES;
				CLANG_WARN_INFINITE_RECURSION = YES;
				CLANG_WARN_INT_CONVERSION = YES;
				CLANG_WARN_NON_LITERAL_NULL_CONVERSION = YES;
				CLANG_WARN_OBJC_IMPLICIT_RETAIN_SELF = YES;
				CLANG_WARN_OBJC_LITERAL_CONVERSION = YES;
				CLANG_WARN_OBJC_ROOT_CLASS = YES_ERROR;
				CLANG_WARN_QUOTED_INCLUDE_IN_FRAMEWORK_HEADER = YES;
				CLANG_WARN_RANGE_LOOP_ANALYSIS = YES;
				CLANG_WARN_STRICT_PROTOTYPES = YES;
				CLANG_WARN_SUSPICIOUS_MOVE = YES;
				CLANG_WARN_UNGUARDED_AVAILABILITY = YES_AGGRESSIVE;
				CLANG_WARN_UNREACHABLE_CODE = YES;
				CLANG_WARN__DUPLICATE_METHOD_MATCH = YES;
				COPY_PHASE_STRIP = NO;
				DEBUG_INFORMATION_FORMAT = dwarf;
				DEVELOPMENT_TEAM = UYW9H52U42;
				ENABLE_STRICT_OBJC_MSGSEND = YES;
				ENABLE_TESTABILITY = YES;
				ENABLE_USER_SCRIPT_SANDBOXING = YES;
				GCC_C_LANGUAGE_STANDARD = gnu17;
				GCC_DYNAMIC_NO_PIC = NO;
				GCC_NO_COMMON_BLOCKS = YES;
				GCC_OPTIMIZATION_LEVEL = 0;
				GCC_PREPROCESSOR_DEFINITIONS = (
					"DEBUG=1",
					"$(inherited)",
				);
				GCC_WARN_64_TO_32_BIT_CONVERSION = YES;
				GCC_WARN_ABOUT_RETURN_TYPE = YES_ERROR;
				GCC_WARN_UNDECLARED_SELECTOR = YES;
				GCC_WARN_UNINITIALIZED_AUTOS = YES_AGGRESSIVE;
				GCC_WARN_UNUSED_FUNCTION = YES;
				GCC_WARN_UNUSED_VARIABLE = YES;
				LOCALIZATION_PREFERS_STRING_CATALOGS = YES;
				MTL_ENABLE_DEBUG_INFO = INCLUDE_SOURCE;
				MTL_FAST_MATH = YES;
				ONLY_ACTIVE_ARCH = YES;
				SWIFT_ACTIVE_COMPILATION_CONDITIONS = "DEBUG $(inherited)";
				SWIFT_OPTIMIZATION_LEVEL = "-Onone";
			};
			name = Debug;
		};
		8C528C362F333EE900F9D2EA /* Release */ = {
			isa = XCBuildConfiguration;
			buildSettings = {
				ALWAYS_SEARCH_USER_PATHS = NO;
				ASSETCATALOG_COMPILER_GENERATE_SWIFT_ASSET_SYMBOL_EXTENSIONS = YES;
				CLANG_ANALYZER_NONNULL = YES;
				CLANG_ANALYZER_NUMBER_OBJECT_CONVERSION = YES_AGGRESSIVE;
				CLANG_CXX_LANGUAGE_STANDARD = "gnu++20";
				CLANG_ENABLE_MODULES = YES;
				CLANG_ENABLE_OBJC_ARC = YES;
				CLANG_ENABLE_OBJC_WEAK = YES;
				CLANG_WARN_BLOCK_CAPTURE_AUTORELEASING = YES;
				CLANG_WARN_BOOL_CONVERSION = YES;
				CLANG_WARN_COMMA = YES;
				CLANG_WARN_CONSTANT_CONVERSION = YES;
				CLANG_WARN_DEPRECATED_OBJC_IMPLEMENTATIONS = YES;
				CLANG_WARN_DIRECT_OBJC_ISA_USAGE = YES_ERROR;
				CLANG_WARN_DOCUMENTATION_COMMENTS = YES;
				CLANG_WARN_EMPTY_BODY = YES;
				CLANG_WARN_ENUM_CONVERSION = YES;
				CLANG_WARN_INFINITE_RECURSION = YES;
				CLANG_WARN_INT_CONVERSION = YES;
				CLANG_WARN_NON_LITERAL_NULL_CONVERSION = YES;
				CLANG_WARN_OBJC_IMPLICIT_RETAIN_SELF = YES;
				CLANG_WARN_OBJC_LITERAL_CONVERSION = YES;
				CLANG_WARN_OBJC_ROOT_CLASS = YES_ERROR;
				CLANG_WARN_QUOTED_INCLUDE_IN_FRAMEWORK_HEADER = YES;
				CLANG_WARN_RANGE_LOOP_ANALYSIS = YES;
				CLANG_WARN_STRICT_PROTOTYPES = YES;
				CLANG_WARN_SUSPICIOUS_MOVE = YES;
				CLANG_WARN_UNGUARDED_AVAILABILITY = YES_AGGRESSIVE;
				CLANG_WARN_UNREACHABLE_CODE = YES;
				CLANG_WARN__DUPLICATE_METHOD_MATCH = YES;
				COPY_PHASE_STRIP = NO;
				DEBUG_INFORMATION_FORMAT = "dwarf-with-dsym";
				DEVELOPMENT_TEAM = UYW9H52U42;
				ENABLE_NS_ASSERTIONS = NO;
				ENABLE_STRICT_OBJC_MSGSEND = YES;
				ENABLE_USER_SCRIPT_SANDBOXING = YES;
				GCC_C_LANGUAGE_STANDARD = gnu17;
				GCC_NO_COMMON_BLOCKS = YES;
				GCC_WARN_64_TO_32_BIT_CONVERSION = YES;
				GCC_WARN_ABOUT_RETURN_TYPE = YES_ERROR;
				GCC_WARN_UNDECLARED_SELECTOR = YES;
				GCC_WARN_UNINITIALIZED_AUTOS = YES_AGGRESSIVE;
				GCC_WARN_UNUSED_FUNCTION = YES;
				GCC_WARN_UNUSED_VARIABLE = YES;
				LOCALIZATION_PREFERS_STRING_CATALOGS = YES;
				MTL_ENABLE_DEBUG_INFO = NO;
				MTL_FAST_MATH = YES;
				SWIFT_COMPILATION_MODE = wholemodule;
			};
			name = Release;
		};
		8C528C382F333EE900F9D2EA /* Debug */ = {
			isa = XCBuildConfiguration;
			buildSettings = {
				ASSETCATALOG_COMPILER_APPICON_NAME = AppIcon;
				ASSETCATALOG_COMPILER_GLOBAL_ACCENT_COLOR_NAME = AccentColor;
				CODE_SIGN_STYLE = Automatic;
				CURRENT_PROJECT_VERSION = 1;
				DEVELOPMENT_TEAM = UYW9H52U42;
				ENABLE_APP_SANDBOX = YES;
				ENABLE_HARDENED_RUNTIME = YES;
				ENABLE_PREVIEWS = YES;
				ENABLE_USER_SELECTED_FILES = readonly;
				GENERATE_INFOPLIST_FILE = YES;
				INFOPLIST_KEY_LSApplicationCategoryType = "public.app-category.travel";
				"INFOPLIST_KEY_UIApplicationSceneManifest_Generation[sdk=iphoneos*]" = YES;
				"INFOPLIST_KEY_UIApplicationSceneManifest_Generation[sdk=iphonesimulator*]" = YES;
				"INFOPLIST_KEY_UIApplicationSupportsIndirectInputEvents[sdk=iphoneos*]" = YES;
				"INFOPLIST_KEY_UIApplicationSupportsIndirectInputEvents[sdk=iphonesimulator*]" = YES;
				"INFOPLIST_KEY_UILaunchScreen_Generation[sdk=iphoneos*]" = YES;
				"INFOPLIST_KEY_UILaunchScreen_Generation[sdk=iphonesimulator*]" = YES;
				"INFOPLIST_KEY_UIStatusBarStyle[sdk=iphoneos*]" = UIStatusBarStyleDefault;
				"INFOPLIST_KEY_UIStatusBarStyle[sdk=iphonesimulator*]" = UIStatusBarStyleDefault;
				INFOPLIST_KEY_UISupportedInterfaceOrientations_iPad = "UIInterfaceOrientationPortrait UIInterfaceOrientationPortraitUpsideDown UIInterfaceOrientationLandscapeLeft UIInterfaceOrientationLandscapeRight";
				INFOPLIST_KEY_UISupportedInterfaceOrientations_iPhone = "UIInterfaceOrientationPortrait UIInterfaceOrientationLandscapeLeft UIInterfaceOrientationLandscapeRight";
				IPHONEOS_DEPLOYMENT_TARGET = 26.0;
				LD_RUNPATH_SEARCH_PATHS = "@executable_path/Frameworks";
				"LD_RUNPATH_SEARCH_PATHS[sdk=macosx*]" = "@executable_path/../Frameworks";
				MARKETING_VERSION = 1.0;
				NEW_SETTING = "";
				PRODUCT_BUNDLE_IDENTIFIER = com.raghadaljuid.Hawlik;
				PRODUCT_NAME = "$(TARGET_NAME)";
				REGISTER_APP_GROUPS = YES;
				SDKROOT = auto;
				STRING_CATALOG_GENERATE_SYMBOLS = YES;
				SUPPORTED_PLATFORMS = "iphoneos iphonesimulator";
				SUPPORTS_MACCATALYST = NO;
				SWIFT_APPROACHABLE_CONCURRENCY = YES;
				SWIFT_DEFAULT_ACTOR_ISOLATION = MainActor;
				SWIFT_EMIT_LOC_STRINGS = YES;
				SWIFT_UPCOMING_FEATURE_MEMBER_IMPORT_VISIBILITY = YES;
				SWIFT_VERSION = 5.0;
				TARGETED_DEVICE_FAMILY = 1;
			};
			name = Debug;
		};
		8C528C392F333EE900F9D2EA /* Release */ = {
			isa = XCBuildConfiguration;
			buildSettings = {
				ASSETCATALOG_COMPILER_APPICON_NAME = AppIcon;
				ASSETCATALOG_COMPILER_GLOBAL_ACCENT_COLOR_NAME = AccentColor;
				CODE_SIGN_STYLE = Automatic;
				CURRENT_PROJECT_VERSION = 1;
				DEVELOPMENT_TEAM = UYW9H52U42;
				ENABLE_APP_SANDBOX = YES;
				ENABLE_HARDENED_RUNTIME = YES;
				ENABLE_PREVIEWS = YES;
				ENABLE_USER_SELECTED_FILES = readonly;
				GENERATE_INFOPLIST_FILE = YES;
				INFOPLIST_KEY_LSApplicationCategoryType = "public.app-category.travel";
				"INFOPLIST_KEY_UIApplicationSceneManifest_Generation[sdk=iphoneos*]" = YES;
				"INFOPLIST_KEY_UIApplicationSceneManifest_Generation[sdk=iphonesimulator*]" = YES;
				"INFOPLIST_KEY_UIApplicationSupportsIndirectInputEvents[sdk=iphoneos*]" = YES;
				"INFOPLIST_KEY_UIApplicationSupportsIndirectInputEvents[sdk=iphonesimulator*]" = YES;
				"INFOPLIST_KEY_UILaunchScreen_Generation[sdk=iphoneos*]" = YES;
				"INFOPLIST_KEY_UILaunchScreen_Generation[sdk=iphonesimulator*]" = YES;
				"INFOPLIST_KEY_UIStatusBarStyle[sdk=iphoneos*]" = UIStatusBarStyleDefault;
				"INFOPLIST_KEY_UIStatusBarStyle[sdk=iphonesimulator*]" = UIStatusBarStyleDefault;
				INFOPLIST_KEY_UISupportedInterfaceOrientations_iPad = "UIInterfaceOrientationPortrait UIInterfaceOrientationPortraitUpsideDown UIInterfaceOrientationLandscapeLeft UIInterfaceOrientationLandscapeRight";
				INFOPLIST_KEY_UISupportedInterfaceOrientations_iPhone = "UIInterfaceOrientationPortrait UIInterfaceOrientationLandscapeLeft UIInterfaceOrientationLandscapeRight";
				IPHONEOS_DEPLOYMENT_TARGET = 26.0;
				LD_RUNPATH_SEARCH_PATHS = "@executable_path/Frameworks";
				"LD_RUNPATH_SEARCH_PATHS[sdk=macosx*]" = "@executable_path/../Frameworks";
				MARKETING_VERSION = 1.0;
				NEW_SETTING = "";
				PRODUCT_BUNDLE_IDENTIFIER = com.raghadaljuid.Hawlik;
				PRODUCT_NAME = "$(TARGET_NAME)";
				REGISTER_APP_GROUPS = YES;
				SDKROOT = auto;
				STRING_CATALOG_GENERATE_SYMBOLS = YES;
				SUPPORTED_PLATFORMS = "iphoneos iphonesimulator";
				SUPPORTS_MACCATALYST = NO;
				SWIFT_APPROACHABLE_CONCURRENCY = YES;
				SWIFT_DEFAULT_ACTOR_ISOLATION = MainActor;
				SWIFT_EMIT_LOC_STRINGS = YES;
				SWIFT_UPCOMING_FEATURE_MEMBER_IMPORT_VISIBILITY = YES;
				SWIFT_VERSION = 5.0;
				TARGETED_DEVICE_FAMILY = 1;
			};
			name = Release;
		};
		8C528C3B2F333EE900F9D2EA /* Debug */ = {
			isa = XCBuildConfiguration;
			buildSettings = {
				BUNDLE_LOADER = "$(TEST_HOST)";
				CODE_SIGN_STYLE = Automatic;
				CURRENT_PROJECT_VERSION = 1;
				DEVELOPMENT_TEAM = UYW9H52U42;
				GENERATE_INFOPLIST_FILE = YES;
				IPHONEOS_DEPLOYMENT_TARGET = 26.0;
				MACOSX_DEPLOYMENT_TARGET = 26.0;
				MARKETING_VERSION = 1.0;
				PRODUCT_BUNDLE_IDENTIFIER = com.raghadd.HawlikTests;
				PRODUCT_NAME = "$(TARGET_NAME)";
				SDKROOT = auto;
				STRING_CATALOG_GENERATE_SYMBOLS = NO;
				SUPPORTED_PLATFORMS = "iphoneos iphonesimulator macosx xros xrsimulator";
				SWIFT_APPROACHABLE_CONCURRENCY = YES;
				SWIFT_EMIT_LOC_STRINGS = NO;
				SWIFT_UPCOMING_FEATURE_MEMBER_IMPORT_VISIBILITY = YES;
				SWIFT_VERSION = 5.0;
				TARGETED_DEVICE_FAMILY = "1,2,7";
				TEST_HOST = "$(BUILT_PRODUCTS_DIR)/Hawlik.app/$(BUNDLE_EXECUTABLE_FOLDER_PATH)/Hawlik";
				XROS_DEPLOYMENT_TARGET = 26.0;
			};
			name = Debug;
		};
		8C528C3C2F333EE900F9D2EA /* Release */ = {
			isa = XCBuildConfiguration;
			buildSettings = {
				BUNDLE_LOADER = "$(TEST_HOST)";
				CODE_SIGN_STYLE = Automatic;
				CURRENT_PROJECT_VERSION = 1;
				DEVELOPMENT_TEAM = UYW9H52U42;
				GENERATE_INFOPLIST_FILE = YES;
				IPHONEOS_DEPLOYMENT_TARGET = 26.0;
				MACOSX_DEPLOYMENT_TARGET = 26.0;
				MARKETING_VERSION = 1.0;
				PRODUCT_BUNDLE_IDENTIFIER = com.raghadd.HawlikTests;
				PRODUCT_NAME = "$(TARGET_NAME)";
				SDKROOT = auto;
				STRING_CATALOG_GENERATE_SYMBOLS = NO;
				SUPPORTED_PLATFORMS = "iphoneos iphonesimulator macosx xros xrsimulator";
				SWIFT_APPROACHABLE_CONCURRENCY = YES;
				SWIFT_EMIT_LOC_STRINGS = NO;
				SWIFT_UPCOMING_FEATURE_MEMBER_IMPORT_VISIBILITY = YES;
				SWIFT_VERSION = 5.0;
				TARGETED_DEVICE_FAMILY = "1,2,7";
				TEST_HOST = "$(BUILT_PRODUCTS_DIR)/Hawlik.app/$(BUNDLE_EXECUTABLE_FOLDER_PATH)/Hawlik";
				XROS_DEPLOYMENT_TARGET = 26.0;
			};
			name = Release;
		};
		8C528C3E2F333EE900F9D2EA /* Debug */ = {
			isa = XCBuildConfiguration;
			buildSettings = {
				CODE_SIGN_STYLE = Automatic;
				CURRENT_PROJECT_VERSION = 1;
				DEVELOPMENT_TEAM = UYW9H52U42;
				GENERATE_INFOPLIST_FILE = YES;
				IPHONEOS_DEPLOYMENT_TARGET = 26.0;
				MACOSX_DEPLOYMENT_TARGET = 26.0;
				MARKETING_VERSION = 1.0;
				PRODUCT_BUNDLE_IDENTIFIER = com.raghadd.HawlikUITests;
				PRODUCT_NAME = "$(TARGET_NAME)";
				SDKROOT = auto;
				STRING_CATALOG_GENERATE_SYMBOLS = NO;
				SUPPORTED_PLATFORMS = "iphoneos iphonesimulator macosx xros xrsimulator";
				SWIFT_APPROACHABLE_CONCURRENCY = YES;
				SWIFT_EMIT_LOC_STRINGS = NO;
				SWIFT_UPCOMING_FEATURE_MEMBER_IMPORT_VISIBILITY = YES;
				SWIFT_VERSION = 5.0;
				TARGETED_DEVICE_FAMILY = "1,2,7";
				TEST_TARGET_NAME = Hawlik;
				XROS_DEPLOYMENT_TARGET = 26.0;
			};
			name = Debug;
		};
		8C528C3F2F333EE900F9D2EA /* Release */ = {
			isa = XCBuildConfiguration;
			buildSettings = {
				CODE_SIGN_STYLE = Automatic;
				CURRENT_PROJECT_VERSION = 1;
				DEVELOPMENT_TEAM = UYW9H52U42;
				GENERATE_INFOPLIST_FILE = YES;
				IPHONEOS_DEPLOYMENT_TARGET = 26.0;
				MACOSX_DEPLOYMENT_TARGET = 26.0;
				MARKETING_VERSION = 1.0;
				PRODUCT_BUNDLE_IDENTIFIER = com.raghadd.HawlikUITests;
				PRODUCT_NAME = "$(TARGET_NAME)";
				SDKROOT = auto;
				STRING_CATALOG_GENERATE_SYMBOLS = NO;
				SUPPORTED_PLATFORMS = "iphoneos iphonesimulator macosx xros xrsimulator";
				SWIFT_APPROACHABLE_CONCURRENCY = YES;
				SWIFT_EMIT_LOC_STRINGS = NO;
				SWIFT_UPCOMING_FEATURE_MEMBER_IMPORT_VISIBILITY = YES;
				SWIFT_VERSION = 5.0;
				TARGETED_DEVICE_FAMILY = "1,2,7";
				TEST_TARGET_NAME = Hawlik;
				XROS_DEPLOYMENT_TARGET = 26.0;
			};
			name = Release;
		};
/* End XCBuildConfiguration section */

/* Begin XCConfigurationList section */
		8C42C9CE2F4A2B0E008290E2 /* Build configuration list for PBXNativeTarget "Hawlik_iOS" */ = {
			isa = XCConfigurationList;
			buildConfigurations = (
				8C42C9C82F4A2B0E008290E2 /* Debug */,
				8C42C9C92F4A2B0E008290E2 /* Release */,
			);
			defaultConfigurationIsVisible = 0;
			defaultConfigurationName = Release;
		};
		8C42C9CF2F4A2B0E008290E2 /* Build configuration list for PBXNativeTarget "Hawlik_iOSTests" */ = {
			isa = XCConfigurationList;
			buildConfigurations = (
				8C42C9CA2F4A2B0E008290E2 /* Debug */,
				8C42C9CB2F4A2B0E008290E2 /* Release */,
			);
			defaultConfigurationIsVisible = 0;
			defaultConfigurationName = Release;
		};
		8C42C9D02F4A2B0E008290E2 /* Build configuration list for PBXNativeTarget "Hawlik_iOSUITests" */ = {
			isa = XCConfigurationList;
			buildConfigurations = (
				8C42C9CC2F4A2B0E008290E2 /* Debug */,
				8C42C9CD2F4A2B0E008290E2 /* Release */,
			);
			defaultConfigurationIsVisible = 0;
			defaultConfigurationName = Release;
		};
		8C528C112F333EE700F9D2EA /* Build configuration list for PBXProject "Hawlik" */ = {
			isa = XCConfigurationList;
			buildConfigurations = (
				8C528C352F333EE900F9D2EA /* Debug */,
				8C528C362F333EE900F9D2EA /* Release */,
			);
			defaultConfigurationIsVisible = 0;
			defaultConfigurationName = Release;
		};
		8C528C372F333EE900F9D2EA /* Build configuration list for PBXNativeTarget "Hawlik" */ = {
			isa = XCConfigurationList;
			buildConfigurations = (
				8C528C382F333EE900F9D2EA /* Debug */,
				8C528C392F333EE900F9D2EA /* Release */,
			);
			defaultConfigurationIsVisible = 0;
			defaultConfigurationName = Release;
		};
		8C528C3A2F333EE900F9D2EA /* Build configuration list for PBXNativeTarget "HawlikTests" */ = {
			isa = XCConfigurationList;
			buildConfigurations = (
				8C528C3B2F333EE900F9D2EA /* Debug */,
				8C528C3C2F333EE900F9D2EA /* Release */,
			);
			defaultConfigurationIsVisible = 0;
			defaultConfigurationName = Release;
		};
		8C528C3D2F333EE900F9D2EA /* Build configuration list for PBXNativeTarget "HawlikUITests" */ = {
			isa = XCConfigurationList;
			buildConfigurations = (
				8C528C3E2F333EE900F9D2EA /* Debug */,
				8C528C3F2F333EE900F9D2EA /* Release */,
			);
			defaultConfigurationIsVisible = 0;
			defaultConfigurationName = Release;
		};
/* End XCConfigurationList section */
	};
	rootObject = 8C528C0E2F333EE700F9D2EA /* Project object */;
}
